{
  "object": {
    "pins": [
      {
        "package": "DeepDiff",
        "repositoryURL": "https://github.com/onmyway133/DeepDiff.git",
        "state": {
          "branch": null,
          "revision": "010ebbe1ce5ebeaee37a3d2f4a8c03f0e75b8045",
          "version": "2.3.1"
        }
      },
      {
        "package": "Diagnostics",
        "repositoryURL": "https://github.com/WeTransfer/Diagnostics",
        "state": {
          "branch": null,
          "revision": "0e7e1b79643404a826784e2f4b21a0a6376013fd",
          "version": "1.7.0"
        }
      },
      {
        "package": "LoggingKit",
        "repositoryURL": "https://github.com/PDF-Archiver/LoggingKit",
        "state": {
          "branch": null,
          "revision": "1ad81013e4a24cfe1c7541adef09c581aa61c763",
          "version": "1.1.7"
        }
      },
      {
        "package": "LogModel",
        "repositoryURL": "https://github.com/PDF-Archiver/LogModel.git",
        "state": {
          "branch": null,
          "revision": "fee27fed62db42033f9deb9a478bcd4c05949a7e",
          "version": "0.0.4"
        }
      },
      {
        "package": "PaperOnboarding",
        "repositoryURL": "https://github.com/Ramotion/paper-onboarding",
        "state": {
          "branch": null,
          "revision": "c36df080b1001c385cc14c85f3b1c5ea36531fd0",
          "version": "6.1.5"
        }
      },
      {
        "package": "Sentry",
        "repositoryURL": "https://github.com/getsentry/sentry-cocoa",
        "state": {
          "branch": null,
          "revision": "5e17bd5b580ec2d6350f72081cb1c3fca4dc5b3a",
          "version": "5.2.0"
        }
      },
      {
        "package": "swift-log",
        "repositoryURL": "https://github.com/apple/swift-log.git",
        "state": {
          "branch": null,
          "revision": "173f567a2dfec11d74588eea82cecea555bdc0bc",
          "version": "1.4.0"
        }
      },
      {
        "package": "SwiftUIX",
        "repositoryURL": "https://github.com/SwiftUIX/SwiftUIX",
        "state": {
          "branch": "master",
          "revision": "8a9a3baf5c62b7d9f11e50d44857dfbc9c587d8a",
          "version": null
        }
      },
      {
        "package": "SwiftyStoreKit",
        "repositoryURL": "https://github.com/bizz84/SwiftyStoreKit",
        "state": {
          "branch": null,
          "revision": "9974acf07b31b6f5bf363d5118dc1bd4fcac6122",
          "version": "0.16.1"
        }
      }
    ]
  },
  "version": 1
}
