// !$*UTF8*$!
{
	archiveVersion = 1;
	classes = {
	};
	objectVersion = 52;
	objects = {

/* Begin PBXBuildFile section */
		340EA92724B641E20066B4BE /* TagView.swift in Sources */ = {isa = PBXBuildFile; fileRef = 340EA92424B641E20066B4BE /* TagView.swift */; };
		340EA92824B641E20066B4BE /* TagView.swift in Sources */ = {isa = PBXBuildFile; fileRef = 340EA92424B641E20066B4BE /* TagView.swift */; };
		340EA92924B641E20066B4BE /* DocumentInformationForm.swift in Sources */ = {isa = PBXBuildFile; fileRef = 340EA92524B641E20066B4BE /* DocumentInformationForm.swift */; };
		340EA92A24B641E20066B4BE /* DocumentInformationForm.swift in Sources */ = {isa = PBXBuildFile; fileRef = 340EA92524B641E20066B4BE /* DocumentInformationForm.swift */; };
		3416B1B624A9282800D5F4E0 /* MoreTabView.swift in Sources */ = {isa = PBXBuildFile; fileRef = 3416B16024A9282700D5F4E0 /* MoreTabView.swift */; };
		3416B1B724A9282800D5F4E0 /* MoreTabView.swift in Sources */ = {isa = PBXBuildFile; fileRef = 3416B16024A9282700D5F4E0 /* MoreTabView.swift */; };
		3416B1B824A9282800D5F4E0 /* AboutMeView.swift in Sources */ = {isa = PBXBuildFile; fileRef = 3416B16124A9282700D5F4E0 /* AboutMeView.swift */; };
		3416B1B924A9282800D5F4E0 /* AboutMeView.swift in Sources */ = {isa = PBXBuildFile; fileRef = 3416B16124A9282700D5F4E0 /* AboutMeView.swift */; };
		3416B1BA24A9282800D5F4E0 /* MoreTabViewModel.swift in Sources */ = {isa = PBXBuildFile; fileRef = 3416B16224A9282700D5F4E0 /* MoreTabViewModel.swift */; };
		3416B1BB24A9282800D5F4E0 /* MoreTabViewModel.swift in Sources */ = {isa = PBXBuildFile; fileRef = 3416B16224A9282700D5F4E0 /* MoreTabViewModel.swift */; };
		3416B1BC24A9282800D5F4E0 /* TagTabView.swift in Sources */ = {isa = PBXBuildFile; fileRef = 3416B16424A9282700D5F4E0 /* TagTabView.swift */; };
		3416B1BD24A9282800D5F4E0 /* TagTabView.swift in Sources */ = {isa = PBXBuildFile; fileRef = 3416B16424A9282700D5F4E0 /* TagTabView.swift */; };
		3416B1BE24A9282800D5F4E0 /* TagTabViewModel.swift in Sources */ = {isa = PBXBuildFile; fileRef = 3416B16524A9282700D5F4E0 /* TagTabViewModel.swift */; };
		3416B1BF24A9282800D5F4E0 /* TagTabViewModel.swift in Sources */ = {isa = PBXBuildFile; fileRef = 3416B16524A9282700D5F4E0 /* TagTabViewModel.swift */; };
		3416B1C224A9282800D5F4E0 /* IAPViewModel.swift in Sources */ = {isa = PBXBuildFile; fileRef = 3416B16724A9282700D5F4E0 /* IAPViewModel.swift */; };
		3416B1C324A9282800D5F4E0 /* IAPViewModel.swift in Sources */ = {isa = PBXBuildFile; fileRef = 3416B16724A9282700D5F4E0 /* IAPViewModel.swift */; };
		3416B21024A9282800D5F4E0 /* KeyCommandHostingController.swift in Sources */ = {isa = PBXBuildFile; fileRef = 3416B19324A9282700D5F4E0 /* KeyCommandHostingController.swift */; };
		3416B21124A9282800D5F4E0 /* KeyCommandHostingController.swift in Sources */ = {isa = PBXBuildFile; fileRef = 3416B19324A9282700D5F4E0 /* KeyCommandHostingController.swift */; };
		3416B21224A9282800D5F4E0 /* DocumentCameraView.swift in Sources */ = {isa = PBXBuildFile; fileRef = 3416B19524A9282700D5F4E0 /* DocumentCameraView.swift */; };
		3416B21324A9282800D5F4E0 /* DocumentCameraView.swift in Sources */ = {isa = PBXBuildFile; fileRef = 3416B19524A9282700D5F4E0 /* DocumentCameraView.swift */; };
		3416B21424A9282800D5F4E0 /* ScanTabView.swift in Sources */ = {isa = PBXBuildFile; fileRef = 3416B19624A9282700D5F4E0 /* ScanTabView.swift */; };
		3416B21524A9282800D5F4E0 /* ScanTabView.swift in Sources */ = {isa = PBXBuildFile; fileRef = 3416B19624A9282700D5F4E0 /* ScanTabView.swift */; };
		3416B21624A9282800D5F4E0 /* ScanTabViewModel.swift in Sources */ = {isa = PBXBuildFile; fileRef = 3416B19724A9282700D5F4E0 /* ScanTabViewModel.swift */; };
		3416B21724A9282800D5F4E0 /* ScanTabViewModel.swift in Sources */ = {isa = PBXBuildFile; fileRef = 3416B19724A9282700D5F4E0 /* ScanTabViewModel.swift */; };
		3416B21824A9282800D5F4E0 /* Localizable.strings in Resources */ = {isa = PBXBuildFile; fileRef = 3416B19824A9282700D5F4E0 /* Localizable.strings */; };
		3416B21924A9282800D5F4E0 /* Localizable.strings in Resources */ = {isa = PBXBuildFile; fileRef = 3416B19824A9282700D5F4E0 /* Localizable.strings */; };
		3416B21A24A9282800D5F4E0 /* MainTabView.swift in Sources */ = {isa = PBXBuildFile; fileRef = 3416B19924A9282700D5F4E0 /* MainTabView.swift */; };
		3416B21B24A9282800D5F4E0 /* MainTabView.swift in Sources */ = {isa = PBXBuildFile; fileRef = 3416B19924A9282700D5F4E0 /* MainTabView.swift */; };
		3416B21C24A9282800D5F4E0 /* IAPView.swift in Sources */ = {isa = PBXBuildFile; fileRef = 3416B19A24A9282700D5F4E0 /* IAPView.swift */; };
		3416B21D24A9282800D5F4E0 /* IAPView.swift in Sources */ = {isa = PBXBuildFile; fileRef = 3416B19A24A9282700D5F4E0 /* IAPView.swift */; };
		3416B21E24A9282800D5F4E0 /* IAP.swift in Sources */ = {isa = PBXBuildFile; fileRef = 3416B19C24A9282700D5F4E0 /* IAP.swift */; };
		3416B21F24A9282800D5F4E0 /* IAP.swift in Sources */ = {isa = PBXBuildFile; fileRef = 3416B19C24A9282700D5F4E0 /* IAP.swift */; };
		3416B22224A9282800D5F4E0 /* DocumentService.swift in Sources */ = {isa = PBXBuildFile; fileRef = 3416B19F24A9282700D5F4E0 /* DocumentService.swift */; };
		3416B22324A9282800D5F4E0 /* DocumentService.swift in Sources */ = {isa = PBXBuildFile; fileRef = 3416B19F24A9282700D5F4E0 /* DocumentService.swift */; };
		3416B22424A9282800D5F4E0 /* IAPService.swift in Sources */ = {isa = PBXBuildFile; fileRef = 3416B1A024A9282700D5F4E0 /* IAPService.swift */; };
		3416B22524A9282800D5F4E0 /* IAPService.swift in Sources */ = {isa = PBXBuildFile; fileRef = 3416B1A024A9282700D5F4E0 /* IAPService.swift */; };
		3416B22624A9282800D5F4E0 /* ArchiveExtension.swift in Sources */ = {isa = PBXBuildFile; fileRef = 3416B1A124A9282700D5F4E0 /* ArchiveExtension.swift */; };
		3416B22724A9282800D5F4E0 /* ArchiveExtension.swift in Sources */ = {isa = PBXBuildFile; fileRef = 3416B1A124A9282700D5F4E0 /* ArchiveExtension.swift */; };
		3416B22A24A9282800D5F4E0 /* ArchiveView.swift in Sources */ = {isa = PBXBuildFile; fileRef = 3416B1A424A9282700D5F4E0 /* ArchiveView.swift */; };
		3416B22B24A9282800D5F4E0 /* ArchiveView.swift in Sources */ = {isa = PBXBuildFile; fileRef = 3416B1A424A9282700D5F4E0 /* ArchiveView.swift */; };
		3416B22C24A9282800D5F4E0 /* DocumentDetailViewModel.swift in Sources */ = {isa = PBXBuildFile; fileRef = 3416B1A524A9282700D5F4E0 /* DocumentDetailViewModel.swift */; };
		3416B22D24A9282800D5F4E0 /* DocumentDetailViewModel.swift in Sources */ = {isa = PBXBuildFile; fileRef = 3416B1A524A9282700D5F4E0 /* DocumentDetailViewModel.swift */; };
		3416B22E24A9282800D5F4E0 /* DocumentView.swift in Sources */ = {isa = PBXBuildFile; fileRef = 3416B1A624A9282700D5F4E0 /* DocumentView.swift */; };
		3416B22F24A9282800D5F4E0 /* DocumentView.swift in Sources */ = {isa = PBXBuildFile; fileRef = 3416B1A624A9282700D5F4E0 /* DocumentView.swift */; };
		3416B23224A9282800D5F4E0 /* PDFCustomView.swift in Sources */ = {isa = PBXBuildFile; fileRef = 3416B1A824A9282700D5F4E0 /* PDFCustomView.swift */; };
		3416B23324A9282800D5F4E0 /* PDFCustomView.swift in Sources */ = {isa = PBXBuildFile; fileRef = 3416B1A824A9282700D5F4E0 /* PDFCustomView.swift */; };
		3416B23424A9282800D5F4E0 /* ArchiveViewModel.swift in Sources */ = {isa = PBXBuildFile; fileRef = 3416B1A924A9282700D5F4E0 /* ArchiveViewModel.swift */; };
		3416B23524A9282800D5F4E0 /* ArchiveViewModel.swift in Sources */ = {isa = PBXBuildFile; fileRef = 3416B1A924A9282700D5F4E0 /* ArchiveViewModel.swift */; };
		3416B23624A9282800D5F4E0 /* DocumentDetailView.swift in Sources */ = {isa = PBXBuildFile; fileRef = 3416B1AA24A9282700D5F4E0 /* DocumentDetailView.swift */; };
		3416B23724A9282800D5F4E0 /* DocumentDetailView.swift in Sources */ = {isa = PBXBuildFile; fileRef = 3416B1AA24A9282700D5F4E0 /* DocumentDetailView.swift */; };
		3416B23B24A9282800D5F4E0 /* Settings.bundle in Resources */ = {isa = PBXBuildFile; fileRef = 3416B1AD24A9282700D5F4E0 /* Settings.bundle */; };
		3416B23C24A9282800D5F4E0 /* Assets.xcassets in Resources */ = {isa = PBXBuildFile; fileRef = 3416B1AE24A9282800D5F4E0 /* Assets.xcassets */; };
		3416B23D24A9282800D5F4E0 /* Assets.xcassets in Resources */ = {isa = PBXBuildFile; fileRef = 3416B1AE24A9282800D5F4E0 /* Assets.xcassets */; };
		3416B23E24A9282800D5F4E0 /* Config.xcconfig in Resources */ = {isa = PBXBuildFile; fileRef = 3416B1B024A9282800D5F4E0 /* Config.xcconfig */; };
		3416B23F24A9282800D5F4E0 /* Config.xcconfig in Resources */ = {isa = PBXBuildFile; fileRef = 3416B1B024A9282800D5F4E0 /* Config.xcconfig */; };
		3416B24024A9282800D5F4E0 /* LaunchScreen.storyboard in Resources */ = {isa = PBXBuildFile; fileRef = 3416B1B124A9282800D5F4E0 /* LaunchScreen.storyboard */; };
		3416B24124A9282800D5F4E0 /* LaunchScreen.storyboard in Resources */ = {isa = PBXBuildFile; fileRef = 3416B1B124A9282800D5F4E0 /* LaunchScreen.storyboard */; };
		3416B24324A9282800D5F4E0 /* Info.plist in Resources */ = {isa = PBXBuildFile; fileRef = 3416B1B324A9282800D5F4E0 /* Info.plist */; };
		3416B24624A9282800D5F4E0 /* MainNavigationViewModel.swift in Sources */ = {isa = PBXBuildFile; fileRef = 3416B1B524A9282800D5F4E0 /* MainNavigationViewModel.swift */; };
		3416B24724A9282800D5F4E0 /* MainNavigationViewModel.swift in Sources */ = {isa = PBXBuildFile; fileRef = 3416B1B524A9282800D5F4E0 /* MainNavigationViewModel.swift */; };
		3416B26324A9284E00D5F4E0 /* Tag.swift in Sources */ = {isa = PBXBuildFile; fileRef = 3416B24E24A9284E00D5F4E0 /* Tag.swift */; };
		3416B26424A9284E00D5F4E0 /* Tag.swift in Sources */ = {isa = PBXBuildFile; fileRef = 3416B24E24A9284E00D5F4E0 /* Tag.swift */; };
		3416B27E24A92CEC00D5F4E0 /* SwiftyStoreKit in Frameworks */ = {isa = PBXBuildFile; productRef = 3416B27D24A92CEC00D5F4E0 /* SwiftyStoreKit */; };
		3416B28124A92D0500D5F4E0 /* PaperOnboarding in Frameworks */ = {isa = PBXBuildFile; productRef = 3416B28024A92D0500D5F4E0 /* PaperOnboarding */; };
		3416B28424A92D1E00D5F4E0 /* SwiftUIX in Frameworks */ = {isa = PBXBuildFile; productRef = 3416B28324A92D1E00D5F4E0 /* SwiftUIX */; };
		3416B28724A92D4200D5F4E0 /* Sentry in Frameworks */ = {isa = PBXBuildFile; productRef = 3416B28624A92D4200D5F4E0 /* Sentry */; };
		3416B28A24A92D5A00D5F4E0 /* Diagnostics in Frameworks */ = {isa = PBXBuildFile; productRef = 3416B28924A92D5A00D5F4E0 /* Diagnostics */; };
		343A0A2124C228AB00824F75 /* UserDefaults.swift in Sources */ = {isa = PBXBuildFile; fileRef = 343A0A2024C228AB00824F75 /* UserDefaults.swift */; };
		343A0A3724C22FAE00824F75 /* UIColor.swift in Sources */ = {isa = PBXBuildFile; fileRef = 343A0A3624C22FAE00824F75 /* UIColor.swift */; };
		343A0A3924C2300F00824F75 /* UIFont.swift in Sources */ = {isa = PBXBuildFile; fileRef = 343A0A3824C2300F00824F75 /* UIFont.swift */; };
		343A0A3E24C2319D00824F75 /* StorageHelper+Errors.swift in Sources */ = {isa = PBXBuildFile; fileRef = 343A0A3024C2296600824F75 /* StorageHelper+Errors.swift */; };
		343A0A3F24C2319D00824F75 /* StorageHelper+Paths.swift in Sources */ = {isa = PBXBuildFile; fileRef = 343A0A3224C2296600824F75 /* StorageHelper+Paths.swift */; };
		343A0A4024C2319D00824F75 /* StorageHelper.swift in Sources */ = {isa = PBXBuildFile; fileRef = 343A0A3124C2296600824F75 /* StorageHelper.swift */; };
		343A0A4124C2319D00824F75 /* AlertViewModel.swift in Sources */ = {isa = PBXBuildFile; fileRef = 343A0A2A24C2291300824F75 /* AlertViewModel.swift */; };
		343A0A4224C2319D00824F75 /* AppStoreReviewRequest.swift in Sources */ = {isa = PBXBuildFile; fileRef = 343A0A2924C2291300824F75 /* AppStoreReviewRequest.swift */; };
		343A0A4324C2319D00824F75 /* ResignKeyboardOnDragGesture.swift in Sources */ = {isa = PBXBuildFile; fileRef = 343A0A2824C2291300824F75 /* ResignKeyboardOnDragGesture.swift */; };
		343A0A4424C2319D00824F75 /* View.swift in Sources */ = {isa = PBXBuildFile; fileRef = 343A0A2724C2291300824F75 /* View.swift */; };
		343A0A4B24C2319F00824F75 /* StorageHelper+Errors.swift in Sources */ = {isa = PBXBuildFile; fileRef = 343A0A3024C2296600824F75 /* StorageHelper+Errors.swift */; };
		343A0A4C24C2319F00824F75 /* StorageHelper+Paths.swift in Sources */ = {isa = PBXBuildFile; fileRef = 343A0A3224C2296600824F75 /* StorageHelper+Paths.swift */; };
		343A0A4D24C2319F00824F75 /* StorageHelper.swift in Sources */ = {isa = PBXBuildFile; fileRef = 343A0A3124C2296600824F75 /* StorageHelper.swift */; };
		343A0A4E24C2319F00824F75 /* AlertViewModel.swift in Sources */ = {isa = PBXBuildFile; fileRef = 343A0A2A24C2291300824F75 /* AlertViewModel.swift */; };
		343A0A4F24C2319F00824F75 /* AppStoreReviewRequest.swift in Sources */ = {isa = PBXBuildFile; fileRef = 343A0A2924C2291300824F75 /* AppStoreReviewRequest.swift */; };
		343A0A5024C2319F00824F75 /* ResignKeyboardOnDragGesture.swift in Sources */ = {isa = PBXBuildFile; fileRef = 343A0A2824C2291300824F75 /* ResignKeyboardOnDragGesture.swift */; };
		343A0A5124C2319F00824F75 /* View.swift in Sources */ = {isa = PBXBuildFile; fileRef = 343A0A2724C2291300824F75 /* View.swift */; };
		343A0A5324C2325300824F75 /* ImageConverter.swift in Sources */ = {isa = PBXBuildFile; fileRef = 343A0A5224C2325300824F75 /* ImageConverter.swift */; };
		343A0A5524C2339900824F75 /* ArchiveCore in Frameworks */ = {isa = PBXBuildFile; productRef = 343A0A5424C2339900824F75 /* ArchiveCore */; };
		343A0A5A24C2383D00824F75 /* FilledButtonStyle.swift in Sources */ = {isa = PBXBuildFile; fileRef = 343A0A2424C228DE00824F75 /* FilledButtonStyle.swift */; };
		343A0A5B24C2383D00824F75 /* WidthSyncedRow.swift in Sources */ = {isa = PBXBuildFile; fileRef = 343A0A2324C228DE00824F75 /* WidthSyncedRow.swift */; };
		343A0A5C24C2383D00824F75 /* SubscriptionButtonStyle.swift in Sources */ = {isa = PBXBuildFile; fileRef = 343A0A2524C228DE00824F75 /* SubscriptionButtonStyle.swift */; };
		343A0A5F24C2384000824F75 /* FilledButtonStyle.swift in Sources */ = {isa = PBXBuildFile; fileRef = 343A0A2424C228DE00824F75 /* FilledButtonStyle.swift */; };
		343A0A6024C2384000824F75 /* WidthSyncedRow.swift in Sources */ = {isa = PBXBuildFile; fileRef = 343A0A2324C228DE00824F75 /* WidthSyncedRow.swift */; };
		343A0A6124C2384000824F75 /* SubscriptionButtonStyle.swift in Sources */ = {isa = PBXBuildFile; fileRef = 343A0A2524C228DE00824F75 /* SubscriptionButtonStyle.swift */; };
		343DCDD024C38AC100965627 /* LoggingKit in Frameworks */ = {isa = PBXBuildFile; productRef = 343DCDCF24C38AC100965627 /* LoggingKit */; };
		345A497E24AFB0CE00EC4DC2 /* Settings.bundle in Resources */ = {isa = PBXBuildFile; fileRef = 3416B1AD24A9282700D5F4E0 /* Settings.bundle */; };
		347BD2E224C2275600C38DB9 /* Alert.swift in Sources */ = {isa = PBXBuildFile; fileRef = 347BD2D324C2275500C38DB9 /* Alert.swift */; };
		347BD2E324C2275600C38DB9 /* Alert.swift in Sources */ = {isa = PBXBuildFile; fileRef = 347BD2D324C2275500C38DB9 /* Alert.swift */; };
		347BD2E424C2275600C38DB9 /* InputAccessoryView.swift in Sources */ = {isa = PBXBuildFile; fileRef = 347BD2D424C2275500C38DB9 /* InputAccessoryView.swift */; };
		347BD2E524C2275600C38DB9 /* InputAccessoryView.swift in Sources */ = {isa = PBXBuildFile; fileRef = 347BD2D424C2275500C38DB9 /* InputAccessoryView.swift */; };
		347BD2E624C2275600C38DB9 /* Stack.swift in Sources */ = {isa = PBXBuildFile; fileRef = 347BD2D524C2275500C38DB9 /* Stack.swift */; };
		347BD2E724C2275600C38DB9 /* Stack.swift in Sources */ = {isa = PBXBuildFile; fileRef = 347BD2D524C2275500C38DB9 /* Stack.swift */; };
		347BD2E824C2275600C38DB9 /* IntroViewController.swift in Sources */ = {isa = PBXBuildFile; fileRef = 347BD2D724C2275600C38DB9 /* IntroViewController.swift */; };
		347BD2E924C2275600C38DB9 /* IntroViewController.swift in Sources */ = {isa = PBXBuildFile; fileRef = 347BD2D724C2275600C38DB9 /* IntroViewController.swift */; };
		347BD2EA24C2275600C38DB9 /* IntroView.swift in Sources */ = {isa = PBXBuildFile; fileRef = 347BD2D824C2275600C38DB9 /* IntroView.swift */; };
		347BD2EB24C2275600C38DB9 /* IntroView.swift in Sources */ = {isa = PBXBuildFile; fileRef = 347BD2D824C2275600C38DB9 /* IntroView.swift */; };
		347BD2EC24C2275600C38DB9 /* PlaceholderView.swift in Sources */ = {isa = PBXBuildFile; fileRef = 347BD2D924C2275600C38DB9 /* PlaceholderView.swift */; };
		347BD2ED24C2275600C38DB9 /* PlaceholderView.swift in Sources */ = {isa = PBXBuildFile; fileRef = 347BD2D924C2275600C38DB9 /* PlaceholderView.swift */; };
		347BD2EE24C2275600C38DB9 /* DetailRowView.swift in Sources */ = {isa = PBXBuildFile; fileRef = 347BD2DA24C2275600C38DB9 /* DetailRowView.swift */; };
		347BD2EF24C2275600C38DB9 /* DetailRowView.swift in Sources */ = {isa = PBXBuildFile; fileRef = 347BD2DA24C2275600C38DB9 /* DetailRowView.swift */; };
		347BD2F024C2275600C38DB9 /* CustomTextField.swift in Sources */ = {isa = PBXBuildFile; fileRef = 347BD2DB24C2275600C38DB9 /* CustomTextField.swift */; };
		347BD2F124C2275600C38DB9 /* CustomTextField.swift in Sources */ = {isa = PBXBuildFile; fileRef = 347BD2DB24C2275600C38DB9 /* CustomTextField.swift */; };
		347BD2F224C2275600C38DB9 /* TagListView.swift in Sources */ = {isa = PBXBuildFile; fileRef = 347BD2DC24C2275600C38DB9 /* TagListView.swift */; };
		347BD2F324C2275600C38DB9 /* TagListView.swift in Sources */ = {isa = PBXBuildFile; fileRef = 347BD2DC24C2275600C38DB9 /* TagListView.swift */; };
		347BD2F424C2275600C38DB9 /* SupportMailView.swift in Sources */ = {isa = PBXBuildFile; fileRef = 347BD2DD24C2275600C38DB9 /* SupportMailView.swift */; };
		347BD2F524C2275600C38DB9 /* SupportMailView.swift in Sources */ = {isa = PBXBuildFile; fileRef = 347BD2DD24C2275600C38DB9 /* SupportMailView.swift */; };
		347BD2F624C2275600C38DB9 /* SearchField.swift in Sources */ = {isa = PBXBuildFile; fileRef = 347BD2DE24C2275600C38DB9 /* SearchField.swift */; };
		347BD2F724C2275600C38DB9 /* SearchField.swift in Sources */ = {isa = PBXBuildFile; fileRef = 347BD2DE24C2275600C38DB9 /* SearchField.swift */; };
		347BD2F824C2275600C38DB9 /* ClearButton.swift in Sources */ = {isa = PBXBuildFile; fileRef = 347BD2DF24C2275600C38DB9 /* ClearButton.swift */; };
		347BD2F924C2275600C38DB9 /* ClearButton.swift in Sources */ = {isa = PBXBuildFile; fileRef = 347BD2DF24C2275600C38DB9 /* ClearButton.swift */; };
		347BD2FA24C2275600C38DB9 /* ActivityView.swift in Sources */ = {isa = PBXBuildFile; fileRef = 347BD2E024C2275600C38DB9 /* ActivityView.swift */; };
		347BD2FB24C2275600C38DB9 /* ActivityView.swift in Sources */ = {isa = PBXBuildFile; fileRef = 347BD2E024C2275600C38DB9 /* ActivityView.swift */; };
		347BD2FC24C2275600C38DB9 /* LoadingView.swift in Sources */ = {isa = PBXBuildFile; fileRef = 347BD2E124C2275600C38DB9 /* LoadingView.swift */; };
		347BD2FD24C2275600C38DB9 /* LoadingView.swift in Sources */ = {isa = PBXBuildFile; fileRef = 347BD2E124C2275600C38DB9 /* LoadingView.swift */; };
		3489D73024A3C53E0035E64F /* Tests_iOS.swift in Sources */ = {isa = PBXBuildFile; fileRef = 3489D72F24A3C53E0035E64F /* Tests_iOS.swift */; };
		3489D73B24A3C53E0035E64F /* Tests_macOS.swift in Sources */ = {isa = PBXBuildFile; fileRef = 3489D73A24A3C53E0035E64F /* Tests_macOS.swift */; };
		3489D73D24A3C53E0035E64F /* PDFArchiverApp.swift in Sources */ = {isa = PBXBuildFile; fileRef = 3489D71424A3C53D0035E64F /* PDFArchiverApp.swift */; };
		3489D73E24A3C53E0035E64F /* PDFArchiverApp.swift in Sources */ = {isa = PBXBuildFile; fileRef = 3489D71424A3C53D0035E64F /* PDFArchiverApp.swift */; };
		3498723A24BE2DE600ADE587 /* AppDelegate.swift in Sources */ = {isa = PBXBuildFile; fileRef = 3498723924BE2DE600ADE587 /* AppDelegate.swift */; };
		34A53FA124AA656B008A3377 /* ShareExtension.appex in Embed App Extensions */ = {isa = PBXBuildFile; fileRef = 34A53F9724AA656B008A3377 /* ShareExtension.appex */; settings = {ATTRIBUTES = (RemoveHeadersOnCopy, ); }; };
		34A53FA724AA65CB008A3377 /* ShareViewController.swift in Sources */ = {isa = PBXBuildFile; fileRef = 34A53FA524AA65CA008A3377 /* ShareViewController.swift */; };
		34A53FA824AA65CB008A3377 /* MainInterface.storyboard in Resources */ = {isa = PBXBuildFile; fileRef = 34A53FA624AA65CB008A3377 /* MainInterface.storyboard */; };
		34A5CF8224A93A3C002409EF /* StoreKit.framework in Frameworks */ = {isa = PBXBuildFile; fileRef = 34A5CF8124A93A3C002409EF /* StoreKit.framework */; };
		34BCB1FF24F9ACDC001F3F17 /* ContentView2.swift in Sources */ = {isa = PBXBuildFile; fileRef = 34BCB1FE24F9ACDC001F3F17 /* ContentView2.swift */; };
		34BCB20024F9ACDC001F3F17 /* ContentView2.swift in Sources */ = {isa = PBXBuildFile; fileRef = 34BCB1FE24F9ACDC001F3F17 /* ContentView2.swift */; };
/* End PBXBuildFile section */

/* Begin PBXContainerItemProxy section */
		3489D72C24A3C53E0035E64F /* PBXContainerItemProxy */ = {
			isa = PBXContainerItemProxy;
			containerPortal = 3489D70F24A3C53D0035E64F /* Project object */;
			proxyType = 1;
			remoteGlobalIDString = 3489D71A24A3C53E0035E64F;
			remoteInfo = iOS;
		};
		3489D73724A3C53E0035E64F /* PBXContainerItemProxy */ = {
			isa = PBXContainerItemProxy;
			containerPortal = 3489D70F24A3C53D0035E64F /* Project object */;
			proxyType = 1;
			remoteGlobalIDString = 3489D72224A3C53E0035E64F;
			remoteInfo = macOS;
		};
		34A53F9F24AA656B008A3377 /* PBXContainerItemProxy */ = {
			isa = PBXContainerItemProxy;
			containerPortal = 3489D70F24A3C53D0035E64F /* Project object */;
			proxyType = 1;
			remoteGlobalIDString = 34A53F9624AA656B008A3377;
			remoteInfo = ShareExtension;
		};
/* End PBXContainerItemProxy section */

/* Begin PBXCopyFilesBuildPhase section */
		34A53F8E24AA653E008A3377 /* Embed App Extensions */ = {
			isa = PBXCopyFilesBuildPhase;
			buildActionMask = 2147483647;
			dstPath = "";
			dstSubfolderSpec = 13;
			files = (
				34A53FA124AA656B008A3377 /* ShareExtension.appex in Embed App Extensions */,
			);
			name = "Embed App Extensions";
			runOnlyForDeploymentPostprocessing = 0;
		};
/* End PBXCopyFilesBuildPhase section */

/* Begin PBXFileReference section */
		340EA92424B641E20066B4BE /* TagView.swift */ = {isa = PBXFileReference; fileEncoding = 4; lastKnownFileType = sourcecode.swift; path = TagView.swift; sourceTree = "<group>"; };
		340EA92524B641E20066B4BE /* DocumentInformationForm.swift */ = {isa = PBXFileReference; fileEncoding = 4; lastKnownFileType = sourcecode.swift; path = DocumentInformationForm.swift; sourceTree = "<group>"; };
		3416B16024A9282700D5F4E0 /* MoreTabView.swift */ = {isa = PBXFileReference; fileEncoding = 4; lastKnownFileType = sourcecode.swift; path = MoreTabView.swift; sourceTree = "<group>"; };
		3416B16124A9282700D5F4E0 /* AboutMeView.swift */ = {isa = PBXFileReference; fileEncoding = 4; lastKnownFileType = sourcecode.swift; path = AboutMeView.swift; sourceTree = "<group>"; };
		3416B16224A9282700D5F4E0 /* MoreTabViewModel.swift */ = {isa = PBXFileReference; fileEncoding = 4; lastKnownFileType = sourcecode.swift; path = MoreTabViewModel.swift; sourceTree = "<group>"; };
		3416B16424A9282700D5F4E0 /* TagTabView.swift */ = {isa = PBXFileReference; fileEncoding = 4; lastKnownFileType = sourcecode.swift; path = TagTabView.swift; sourceTree = "<group>"; };
		3416B16524A9282700D5F4E0 /* TagTabViewModel.swift */ = {isa = PBXFileReference; fileEncoding = 4; lastKnownFileType = sourcecode.swift; path = TagTabViewModel.swift; sourceTree = "<group>"; };
		3416B16724A9282700D5F4E0 /* IAPViewModel.swift */ = {isa = PBXFileReference; fileEncoding = 4; lastKnownFileType = sourcecode.swift; path = IAPViewModel.swift; sourceTree = "<group>"; };
		3416B19324A9282700D5F4E0 /* KeyCommandHostingController.swift */ = {isa = PBXFileReference; fileEncoding = 4; lastKnownFileType = sourcecode.swift; path = KeyCommandHostingController.swift; sourceTree = "<group>"; };
		3416B19524A9282700D5F4E0 /* DocumentCameraView.swift */ = {isa = PBXFileReference; fileEncoding = 4; lastKnownFileType = sourcecode.swift; path = DocumentCameraView.swift; sourceTree = "<group>"; };
		3416B19624A9282700D5F4E0 /* ScanTabView.swift */ = {isa = PBXFileReference; fileEncoding = 4; lastKnownFileType = sourcecode.swift; path = ScanTabView.swift; sourceTree = "<group>"; };
		3416B19724A9282700D5F4E0 /* ScanTabViewModel.swift */ = {isa = PBXFileReference; fileEncoding = 4; lastKnownFileType = sourcecode.swift; path = ScanTabViewModel.swift; sourceTree = "<group>"; };
		3416B19824A9282700D5F4E0 /* Localizable.strings */ = {isa = PBXFileReference; fileEncoding = 4; lastKnownFileType = text.plist.strings; path = Localizable.strings; sourceTree = "<group>"; };
		3416B19924A9282700D5F4E0 /* MainTabView.swift */ = {isa = PBXFileReference; fileEncoding = 4; lastKnownFileType = sourcecode.swift; path = MainTabView.swift; sourceTree = "<group>"; };
		3416B19A24A9282700D5F4E0 /* IAPView.swift */ = {isa = PBXFileReference; fileEncoding = 4; lastKnownFileType = sourcecode.swift; path = IAPView.swift; sourceTree = "<group>"; };
		3416B19C24A9282700D5F4E0 /* IAP.swift */ = {isa = PBXFileReference; fileEncoding = 4; lastKnownFileType = sourcecode.swift; path = IAP.swift; sourceTree = "<group>"; };
		3416B19F24A9282700D5F4E0 /* DocumentService.swift */ = {isa = PBXFileReference; fileEncoding = 4; lastKnownFileType = sourcecode.swift; path = DocumentService.swift; sourceTree = "<group>"; };
		3416B1A024A9282700D5F4E0 /* IAPService.swift */ = {isa = PBXFileReference; fileEncoding = 4; lastKnownFileType = sourcecode.swift; path = IAPService.swift; sourceTree = "<group>"; };
		3416B1A124A9282700D5F4E0 /* ArchiveExtension.swift */ = {isa = PBXFileReference; fileEncoding = 4; lastKnownFileType = sourcecode.swift; path = ArchiveExtension.swift; sourceTree = "<group>"; };
		3416B1A424A9282700D5F4E0 /* ArchiveView.swift */ = {isa = PBXFileReference; fileEncoding = 4; lastKnownFileType = sourcecode.swift; path = ArchiveView.swift; sourceTree = "<group>"; };
		3416B1A524A9282700D5F4E0 /* DocumentDetailViewModel.swift */ = {isa = PBXFileReference; fileEncoding = 4; lastKnownFileType = sourcecode.swift; path = DocumentDetailViewModel.swift; sourceTree = "<group>"; };
		3416B1A624A9282700D5F4E0 /* DocumentView.swift */ = {isa = PBXFileReference; fileEncoding = 4; lastKnownFileType = sourcecode.swift; path = DocumentView.swift; sourceTree = "<group>"; };
		3416B1A824A9282700D5F4E0 /* PDFCustomView.swift */ = {isa = PBXFileReference; fileEncoding = 4; lastKnownFileType = sourcecode.swift; path = PDFCustomView.swift; sourceTree = "<group>"; };
		3416B1A924A9282700D5F4E0 /* ArchiveViewModel.swift */ = {isa = PBXFileReference; fileEncoding = 4; lastKnownFileType = sourcecode.swift; path = ArchiveViewModel.swift; sourceTree = "<group>"; };
		3416B1AA24A9282700D5F4E0 /* DocumentDetailView.swift */ = {isa = PBXFileReference; fileEncoding = 4; lastKnownFileType = sourcecode.swift; path = DocumentDetailView.swift; sourceTree = "<group>"; };
		3416B1AD24A9282700D5F4E0 /* Settings.bundle */ = {isa = PBXFileReference; lastKnownFileType = "wrapper.plug-in"; path = Settings.bundle; sourceTree = "<group>"; };
		3416B1AE24A9282800D5F4E0 /* Assets.xcassets */ = {isa = PBXFileReference; lastKnownFileType = folder.assetcatalog; path = Assets.xcassets; sourceTree = "<group>"; };
		3416B1AF24A9282800D5F4E0 /* PDFArchiver.entitlements */ = {isa = PBXFileReference; fileEncoding = 4; lastKnownFileType = text.plist.entitlements; path = PDFArchiver.entitlements; sourceTree = "<group>"; };
		3416B1B024A9282800D5F4E0 /* Config.xcconfig */ = {isa = PBXFileReference; fileEncoding = 4; lastKnownFileType = text.xcconfig; path = Config.xcconfig; sourceTree = "<group>"; };
		3416B1B224A9282800D5F4E0 /* Base */ = {isa = PBXFileReference; lastKnownFileType = file.storyboard; name = Base; path = Base.lproj/LaunchScreen.storyboard; sourceTree = "<group>"; };
		3416B1B324A9282800D5F4E0 /* Info.plist */ = {isa = PBXFileReference; fileEncoding = 4; lastKnownFileType = text.plist.xml; path = Info.plist; sourceTree = "<group>"; };
		3416B1B524A9282800D5F4E0 /* MainNavigationViewModel.swift */ = {isa = PBXFileReference; fileEncoding = 4; lastKnownFileType = sourcecode.swift; path = MainNavigationViewModel.swift; sourceTree = "<group>"; };
		3416B24E24A9284E00D5F4E0 /* Tag.swift */ = {isa = PBXFileReference; fileEncoding = 4; lastKnownFileType = sourcecode.swift; path = Tag.swift; sourceTree = "<group>"; };
		343A0A2024C228AB00824F75 /* UserDefaults.swift */ = {isa = PBXFileReference; fileEncoding = 4; lastKnownFileType = sourcecode.swift; path = UserDefaults.swift; sourceTree = "<group>"; };
		343A0A2324C228DE00824F75 /* WidthSyncedRow.swift */ = {isa = PBXFileReference; lastKnownFileType = sourcecode.swift; path = WidthSyncedRow.swift; sourceTree = "<group>"; };
		343A0A2424C228DE00824F75 /* FilledButtonStyle.swift */ = {isa = PBXFileReference; lastKnownFileType = sourcecode.swift; path = FilledButtonStyle.swift; sourceTree = "<group>"; };
		343A0A2524C228DE00824F75 /* SubscriptionButtonStyle.swift */ = {isa = PBXFileReference; lastKnownFileType = sourcecode.swift; path = SubscriptionButtonStyle.swift; sourceTree = "<group>"; };
		343A0A2724C2291300824F75 /* View.swift */ = {isa = PBXFileReference; fileEncoding = 4; lastKnownFileType = sourcecode.swift; path = View.swift; sourceTree = "<group>"; };
		343A0A2824C2291300824F75 /* ResignKeyboardOnDragGesture.swift */ = {isa = PBXFileReference; fileEncoding = 4; lastKnownFileType = sourcecode.swift; path = ResignKeyboardOnDragGesture.swift; sourceTree = "<group>"; };
		343A0A2924C2291300824F75 /* AppStoreReviewRequest.swift */ = {isa = PBXFileReference; fileEncoding = 4; lastKnownFileType = sourcecode.swift; path = AppStoreReviewRequest.swift; sourceTree = "<group>"; };
		343A0A2A24C2291300824F75 /* AlertViewModel.swift */ = {isa = PBXFileReference; fileEncoding = 4; lastKnownFileType = sourcecode.swift; path = AlertViewModel.swift; sourceTree = "<group>"; };
		343A0A3024C2296600824F75 /* StorageHelper+Errors.swift */ = {isa = PBXFileReference; lastKnownFileType = sourcecode.swift; path = "StorageHelper+Errors.swift"; sourceTree = "<group>"; };
		343A0A3124C2296600824F75 /* StorageHelper.swift */ = {isa = PBXFileReference; lastKnownFileType = sourcecode.swift; path = StorageHelper.swift; sourceTree = "<group>"; };
		343A0A3224C2296600824F75 /* StorageHelper+Paths.swift */ = {isa = PBXFileReference; lastKnownFileType = sourcecode.swift; path = "StorageHelper+Paths.swift"; sourceTree = "<group>"; };
		343A0A3624C22FAE00824F75 /* UIColor.swift */ = {isa = PBXFileReference; lastKnownFileType = sourcecode.swift; path = UIColor.swift; sourceTree = "<group>"; };
		343A0A3824C2300F00824F75 /* UIFont.swift */ = {isa = PBXFileReference; lastKnownFileType = sourcecode.swift; path = UIFont.swift; sourceTree = "<group>"; };
		343A0A5224C2325300824F75 /* ImageConverter.swift */ = {isa = PBXFileReference; fileEncoding = 4; lastKnownFileType = sourcecode.swift; path = ImageConverter.swift; sourceTree = "<group>"; };
		347BD2D324C2275500C38DB9 /* Alert.swift */ = {isa = PBXFileReference; fileEncoding = 4; lastKnownFileType = sourcecode.swift; path = Alert.swift; sourceTree = "<group>"; };
		347BD2D424C2275500C38DB9 /* InputAccessoryView.swift */ = {isa = PBXFileReference; fileEncoding = 4; lastKnownFileType = sourcecode.swift; path = InputAccessoryView.swift; sourceTree = "<group>"; };
		347BD2D524C2275500C38DB9 /* Stack.swift */ = {isa = PBXFileReference; fileEncoding = 4; lastKnownFileType = sourcecode.swift; path = Stack.swift; sourceTree = "<group>"; };
		347BD2D724C2275600C38DB9 /* IntroViewController.swift */ = {isa = PBXFileReference; fileEncoding = 4; lastKnownFileType = sourcecode.swift; path = IntroViewController.swift; sourceTree = "<group>"; };
		347BD2D824C2275600C38DB9 /* IntroView.swift */ = {isa = PBXFileReference; fileEncoding = 4; lastKnownFileType = sourcecode.swift; path = IntroView.swift; sourceTree = "<group>"; };
		347BD2D924C2275600C38DB9 /* PlaceholderView.swift */ = {isa = PBXFileReference; fileEncoding = 4; lastKnownFileType = sourcecode.swift; path = PlaceholderView.swift; sourceTree = "<group>"; };
		347BD2DA24C2275600C38DB9 /* DetailRowView.swift */ = {isa = PBXFileReference; fileEncoding = 4; lastKnownFileType = sourcecode.swift; path = DetailRowView.swift; sourceTree = "<group>"; };
		347BD2DB24C2275600C38DB9 /* CustomTextField.swift */ = {isa = PBXFileReference; fileEncoding = 4; lastKnownFileType = sourcecode.swift; path = CustomTextField.swift; sourceTree = "<group>"; };
		347BD2DC24C2275600C38DB9 /* TagListView.swift */ = {isa = PBXFileReference; fileEncoding = 4; lastKnownFileType = sourcecode.swift; path = TagListView.swift; sourceTree = "<group>"; };
		347BD2DD24C2275600C38DB9 /* SupportMailView.swift */ = {isa = PBXFileReference; fileEncoding = 4; lastKnownFileType = sourcecode.swift; path = SupportMailView.swift; sourceTree = "<group>"; };
		347BD2DE24C2275600C38DB9 /* SearchField.swift */ = {isa = PBXFileReference; fileEncoding = 4; lastKnownFileType = sourcecode.swift; path = SearchField.swift; sourceTree = "<group>"; };
		347BD2DF24C2275600C38DB9 /* ClearButton.swift */ = {isa = PBXFileReference; fileEncoding = 4; lastKnownFileType = sourcecode.swift; path = ClearButton.swift; sourceTree = "<group>"; };
		347BD2E024C2275600C38DB9 /* ActivityView.swift */ = {isa = PBXFileReference; fileEncoding = 4; lastKnownFileType = sourcecode.swift; path = ActivityView.swift; sourceTree = "<group>"; };
		347BD2E124C2275600C38DB9 /* LoadingView.swift */ = {isa = PBXFileReference; fileEncoding = 4; lastKnownFileType = sourcecode.swift; path = LoadingView.swift; sourceTree = "<group>"; };
		347D0CE224BF923A00061707 /* ArchiveCore */ = {isa = PBXFileReference; lastKnownFileType = folder; path = ArchiveCore; sourceTree = "<group>"; };
		3489D71424A3C53D0035E64F /* PDFArchiverApp.swift */ = {isa = PBXFileReference; lastKnownFileType = sourcecode.swift; path = PDFArchiverApp.swift; sourceTree = "<group>"; };
		3489D71B24A3C53E0035E64F /* PDFArchiver.app */ = {isa = PBXFileReference; explicitFileType = wrapper.application; includeInIndex = 0; path = PDFArchiver.app; sourceTree = BUILT_PRODUCTS_DIR; };
		3489D72324A3C53E0035E64F /* PDFArchiver.app */ = {isa = PBXFileReference; explicitFileType = wrapper.application; includeInIndex = 0; path = PDFArchiver.app; sourceTree = BUILT_PRODUCTS_DIR; };
		3489D72524A3C53E0035E64F /* Info.plist */ = {isa = PBXFileReference; lastKnownFileType = text.plist.xml; path = Info.plist; sourceTree = "<group>"; };
		3489D72624A3C53E0035E64F /* macOS.entitlements */ = {isa = PBXFileReference; lastKnownFileType = text.plist.entitlements; path = macOS.entitlements; sourceTree = "<group>"; };
		3489D72B24A3C53E0035E64F /* Tests iOS.xctest */ = {isa = PBXFileReference; explicitFileType = wrapper.cfbundle; includeInIndex = 0; path = "Tests iOS.xctest"; sourceTree = BUILT_PRODUCTS_DIR; };
		3489D72F24A3C53E0035E64F /* Tests_iOS.swift */ = {isa = PBXFileReference; lastKnownFileType = sourcecode.swift; path = Tests_iOS.swift; sourceTree = "<group>"; };
		3489D73124A3C53E0035E64F /* Info.plist */ = {isa = PBXFileReference; lastKnownFileType = text.plist.xml; path = Info.plist; sourceTree = "<group>"; };
		3489D73624A3C53E0035E64F /* Tests macOS.xctest */ = {isa = PBXFileReference; explicitFileType = wrapper.cfbundle; includeInIndex = 0; path = "Tests macOS.xctest"; sourceTree = BUILT_PRODUCTS_DIR; };
		3489D73A24A3C53E0035E64F /* Tests_macOS.swift */ = {isa = PBXFileReference; lastKnownFileType = sourcecode.swift; path = Tests_macOS.swift; sourceTree = "<group>"; };
		3489D73C24A3C53E0035E64F /* Info.plist */ = {isa = PBXFileReference; lastKnownFileType = text.plist.xml; path = Info.plist; sourceTree = "<group>"; };
		3498723924BE2DE600ADE587 /* AppDelegate.swift */ = {isa = PBXFileReference; lastKnownFileType = sourcecode.swift; path = AppDelegate.swift; sourceTree = "<group>"; };
		34A53F9724AA656B008A3377 /* ShareExtension.appex */ = {isa = PBXFileReference; explicitFileType = "wrapper.app-extension"; includeInIndex = 0; path = ShareExtension.appex; sourceTree = BUILT_PRODUCTS_DIR; };
		34A53F9E24AA656B008A3377 /* Info.plist */ = {isa = PBXFileReference; lastKnownFileType = text.plist.xml; path = Info.plist; sourceTree = "<group>"; };
		34A53FA524AA65CA008A3377 /* ShareViewController.swift */ = {isa = PBXFileReference; fileEncoding = 4; lastKnownFileType = sourcecode.swift; path = ShareViewController.swift; sourceTree = "<group>"; };
		34A53FA624AA65CB008A3377 /* MainInterface.storyboard */ = {isa = PBXFileReference; fileEncoding = 4; lastKnownFileType = file.storyboard; path = MainInterface.storyboard; sourceTree = "<group>"; };
		34A53FA924AA65E8008A3377 /* ShareExtension.entitlements */ = {isa = PBXFileReference; lastKnownFileType = text.plist.entitlements; path = ShareExtension.entitlements; sourceTree = "<group>"; };
		34A5CF7F24A93A28002409EF /* PDFArchiver.entitlements */ = {isa = PBXFileReference; lastKnownFileType = text.plist.entitlements; path = PDFArchiver.entitlements; sourceTree = "<group>"; };
		34A5CF8124A93A3C002409EF /* StoreKit.framework */ = {isa = PBXFileReference; lastKnownFileType = wrapper.framework; name = StoreKit.framework; path = Platforms/iPhoneOS.platform/Developer/SDKs/iPhoneOS14.0.sdk/System/Library/Frameworks/StoreKit.framework; sourceTree = DEVELOPER_DIR; };
		34BCB1FE24F9ACDC001F3F17 /* ContentView2.swift */ = {isa = PBXFileReference; lastKnownFileType = sourcecode.swift; path = ContentView2.swift; sourceTree = "<group>"; };
/* End PBXFileReference section */

/* Begin PBXFrameworksBuildPhase section */
		3489D71824A3C53E0035E64F /* Frameworks */ = {
			isa = PBXFrameworksBuildPhase;
			buildActionMask = 2147483647;
			files = (
				3416B28724A92D4200D5F4E0 /* Sentry in Frameworks */,
				343DCDD024C38AC100965627 /* LoggingKit in Frameworks */,
				3416B27E24A92CEC00D5F4E0 /* SwiftyStoreKit in Frameworks */,
				34A5CF8224A93A3C002409EF /* StoreKit.framework in Frameworks */,
				3416B28A24A92D5A00D5F4E0 /* Diagnostics in Frameworks */,
				3416B28124A92D0500D5F4E0 /* PaperOnboarding in Frameworks */,
				343A0A5524C2339900824F75 /* ArchiveCore in Frameworks */,
				3416B28424A92D1E00D5F4E0 /* SwiftUIX in Frameworks */,
			);
			runOnlyForDeploymentPostprocessing = 0;
		};
		3489D72024A3C53E0035E64F /* Frameworks */ = {
			isa = PBXFrameworksBuildPhase;
			buildActionMask = 2147483647;
			files = (
			);
			runOnlyForDeploymentPostprocessing = 0;
		};
		3489D72824A3C53E0035E64F /* Frameworks */ = {
			isa = PBXFrameworksBuildPhase;
			buildActionMask = 2147483647;
			files = (
			);
			runOnlyForDeploymentPostprocessing = 0;
		};
		3489D73324A3C53E0035E64F /* Frameworks */ = {
			isa = PBXFrameworksBuildPhase;
			buildActionMask = 2147483647;
			files = (
			);
			runOnlyForDeploymentPostprocessing = 0;
		};
		34A53F9424AA656B008A3377 /* Frameworks */ = {
			isa = PBXFrameworksBuildPhase;
			buildActionMask = 2147483647;
			files = (
			);
			runOnlyForDeploymentPostprocessing = 0;
		};
/* End PBXFrameworksBuildPhase section */

/* Begin PBXGroup section */
		3416B15E24A9280E00D5F4E0 /* Views */ = {
			isa = PBXGroup;
			children = (
				3416B1A324A9282700D5F4E0 /* ArchiveTab */,
				3416B19A24A9282700D5F4E0 /* IAPView.swift */,
				3416B16724A9282700D5F4E0 /* IAPViewModel.swift */,
				3416B19324A9282700D5F4E0 /* KeyCommandHostingController.swift */,
				3416B19824A9282700D5F4E0 /* Localizable.strings */,
				3416B19924A9282700D5F4E0 /* MainTabView.swift */,
				34BCB1FE24F9ACDC001F3F17 /* ContentView2.swift */,
				3416B1B524A9282800D5F4E0 /* MainNavigationViewModel.swift */,
				3416B15F24A9282700D5F4E0 /* MoreTab */,
				3416B19424A9282700D5F4E0 /* ScanTab */,
				3416B19B24A9282700D5F4E0 /* Services */,
				3416B16324A9282700D5F4E0 /* TagTab */,
			);
			path = Views;
			sourceTree = "<group>";
		};
		3416B15F24A9282700D5F4E0 /* MoreTab */ = {
			isa = PBXGroup;
			children = (
				3416B16024A9282700D5F4E0 /* MoreTabView.swift */,
				3416B16124A9282700D5F4E0 /* AboutMeView.swift */,
				3416B16224A9282700D5F4E0 /* MoreTabViewModel.swift */,
			);
			path = MoreTab;
			sourceTree = "<group>";
		};
		3416B16324A9282700D5F4E0 /* TagTab */ = {
			isa = PBXGroup;
			children = (
				340EA92524B641E20066B4BE /* DocumentInformationForm.swift */,
				3416B16424A9282700D5F4E0 /* TagTabView.swift */,
				3416B16524A9282700D5F4E0 /* TagTabViewModel.swift */,
				340EA92424B641E20066B4BE /* TagView.swift */,
			);
			path = TagTab;
			sourceTree = "<group>";
		};
		3416B19424A9282700D5F4E0 /* ScanTab */ = {
			isa = PBXGroup;
			children = (
				3416B19524A9282700D5F4E0 /* DocumentCameraView.swift */,
				3416B19624A9282700D5F4E0 /* ScanTabView.swift */,
				3416B19724A9282700D5F4E0 /* ScanTabViewModel.swift */,
			);
			path = ScanTab;
			sourceTree = "<group>";
		};
		3416B19B24A9282700D5F4E0 /* Services */ = {
			isa = PBXGroup;
			children = (
				3416B19C24A9282700D5F4E0 /* IAP.swift */,
				3416B19F24A9282700D5F4E0 /* DocumentService.swift */,
				3416B1A024A9282700D5F4E0 /* IAPService.swift */,
				3416B1A124A9282700D5F4E0 /* ArchiveExtension.swift */,
			);
			path = Services;
			sourceTree = "<group>";
		};
		3416B1A324A9282700D5F4E0 /* ArchiveTab */ = {
			isa = PBXGroup;
			children = (
				3416B1A424A9282700D5F4E0 /* ArchiveView.swift */,
				3416B1A524A9282700D5F4E0 /* DocumentDetailViewModel.swift */,
				3416B1A624A9282700D5F4E0 /* DocumentView.swift */,
				3416B1A824A9282700D5F4E0 /* PDFCustomView.swift */,
				3416B1A924A9282700D5F4E0 /* ArchiveViewModel.swift */,
				3416B1AA24A9282700D5F4E0 /* DocumentDetailView.swift */,
			);
			path = ArchiveTab;
			sourceTree = "<group>";
		};
		3416B1AC24A9282700D5F4E0 /* Resources */ = {
			isa = PBXGroup;
			children = (
				3416B1AD24A9282700D5F4E0 /* Settings.bundle */,
				3416B1AF24A9282800D5F4E0 /* PDFArchiver.entitlements */,
				3416B1AE24A9282800D5F4E0 /* Assets.xcassets */,
				3416B1B024A9282800D5F4E0 /* Config.xcconfig */,
				3416B1B124A9282800D5F4E0 /* LaunchScreen.storyboard */,
			);
			path = Resources;
			sourceTree = "<group>";
		};
		3416B24824A9284E00D5F4E0 /* ArchiveLib */ = {
			isa = PBXGroup;
			children = (
				343A0A2624C228F900824F75 /* Helper */,
				347BD2D224C2275500C38DB9 /* MissingViews */,
				3416B24924A9284E00D5F4E0 /* Models */,
			);
			path = ArchiveLib;
			sourceTree = "<group>";
		};
		3416B24924A9284E00D5F4E0 /* Models */ = {
			isa = PBXGroup;
			children = (
				3416B24E24A9284E00D5F4E0 /* Tag.swift */,
			);
			path = Models;
			sourceTree = "<group>";
		};
		343A0A2224C228DE00824F75 /* Design */ = {
			isa = PBXGroup;
			children = (
				343A0A2324C228DE00824F75 /* WidthSyncedRow.swift */,
				343A0A2424C228DE00824F75 /* FilledButtonStyle.swift */,
				343A0A2524C228DE00824F75 /* SubscriptionButtonStyle.swift */,
			);
			path = Design;
			sourceTree = "<group>";
		};
		343A0A2624C228F900824F75 /* Helper */ = {
			isa = PBXGroup;
			children = (
				343A0A2A24C2291300824F75 /* AlertViewModel.swift */,
				343A0A2924C2291300824F75 /* AppStoreReviewRequest.swift */,
				343A0A5224C2325300824F75 /* ImageConverter.swift */,
				343A0A2824C2291300824F75 /* ResignKeyboardOnDragGesture.swift */,
				343A0A3624C22FAE00824F75 /* UIColor.swift */,
				343A0A3824C2300F00824F75 /* UIFont.swift */,
				343A0A2024C228AB00824F75 /* UserDefaults.swift */,
				343A0A2724C2291300824F75 /* View.swift */,
				343A0A2224C228DE00824F75 /* Design */,
				343A0A2F24C2296600824F75 /* Storage */,
			);
			path = Helper;
			sourceTree = "<group>";
		};
		343A0A2F24C2296600824F75 /* Storage */ = {
			isa = PBXGroup;
			children = (
				343A0A3024C2296600824F75 /* StorageHelper+Errors.swift */,
				343A0A3124C2296600824F75 /* StorageHelper.swift */,
				343A0A3224C2296600824F75 /* StorageHelper+Paths.swift */,
			);
			path = Storage;
			sourceTree = "<group>";
		};
		347BD2D224C2275500C38DB9 /* MissingViews */ = {
			isa = PBXGroup;
			children = (
				347BD2D324C2275500C38DB9 /* Alert.swift */,
				347BD2D424C2275500C38DB9 /* InputAccessoryView.swift */,
				347BD2D524C2275500C38DB9 /* Stack.swift */,
				347BD2D624C2275500C38DB9 /* Intro */,
				347BD2D924C2275600C38DB9 /* PlaceholderView.swift */,
				347BD2DA24C2275600C38DB9 /* DetailRowView.swift */,
				347BD2DB24C2275600C38DB9 /* CustomTextField.swift */,
				347BD2DC24C2275600C38DB9 /* TagListView.swift */,
				347BD2DD24C2275600C38DB9 /* SupportMailView.swift */,
				347BD2DE24C2275600C38DB9 /* SearchField.swift */,
				347BD2DF24C2275600C38DB9 /* ClearButton.swift */,
				347BD2E024C2275600C38DB9 /* ActivityView.swift */,
				347BD2E124C2275600C38DB9 /* LoadingView.swift */,
			);
			path = MissingViews;
			sourceTree = "<group>";
		};
		347BD2D624C2275500C38DB9 /* Intro */ = {
			isa = PBXGroup;
			children = (
				347BD2D724C2275600C38DB9 /* IntroViewController.swift */,
				347BD2D824C2275600C38DB9 /* IntroView.swift */,
			);
			path = Intro;
			sourceTree = "<group>";
		};
		3489D70E24A3C53D0035E64F = {
			isa = PBXGroup;
			children = (
				347D0CE224BF923A00061707 /* ArchiveCore */,
				3498723924BE2DE600ADE587 /* AppDelegate.swift */,
				3489D71324A3C53D0035E64F /* Shared */,
				3489D71D24A3C53E0035E64F /* iOS */,
				3489D72424A3C53E0035E64F /* macOS */,
				3489D72E24A3C53E0035E64F /* Tests iOS */,
				3489D73924A3C53E0035E64F /* Tests macOS */,
				34A53F9824AA656B008A3377 /* ShareExtension */,
				3489D71C24A3C53E0035E64F /* Products */,
				34A5CF8024A93A3C002409EF /* Frameworks */,
			);
			sourceTree = "<group>";
		};
		3489D71324A3C53D0035E64F /* Shared */ = {
			isa = PBXGroup;
			children = (
				3489D71424A3C53D0035E64F /* PDFArchiverApp.swift */,
				3416B24824A9284E00D5F4E0 /* ArchiveLib */,
				3416B1AC24A9282700D5F4E0 /* Resources */,
				3416B15E24A9280E00D5F4E0 /* Views */,
			);
			path = Shared;
			sourceTree = "<group>";
		};
		3489D71C24A3C53E0035E64F /* Products */ = {
			isa = PBXGroup;
			children = (
				3489D71B24A3C53E0035E64F /* PDFArchiver.app */,
				3489D72324A3C53E0035E64F /* PDFArchiver.app */,
				3489D72B24A3C53E0035E64F /* Tests iOS.xctest */,
				3489D73624A3C53E0035E64F /* Tests macOS.xctest */,
				34A53F9724AA656B008A3377 /* ShareExtension.appex */,
			);
			name = Products;
			sourceTree = "<group>";
		};
		3489D71D24A3C53E0035E64F /* iOS */ = {
			isa = PBXGroup;
			children = (
				34A5CF7F24A93A28002409EF /* PDFArchiver.entitlements */,
				3416B1B324A9282800D5F4E0 /* Info.plist */,
			);
			path = iOS;
			sourceTree = "<group>";
		};
		3489D72424A3C53E0035E64F /* macOS */ = {
			isa = PBXGroup;
			children = (
				3489D72524A3C53E0035E64F /* Info.plist */,
				3489D72624A3C53E0035E64F /* macOS.entitlements */,
			);
			path = macOS;
			sourceTree = "<group>";
		};
		3489D72E24A3C53E0035E64F /* Tests iOS */ = {
			isa = PBXGroup;
			children = (
				3489D72F24A3C53E0035E64F /* Tests_iOS.swift */,
				3489D73124A3C53E0035E64F /* Info.plist */,
			);
			path = "Tests iOS";
			sourceTree = "<group>";
		};
		3489D73924A3C53E0035E64F /* Tests macOS */ = {
			isa = PBXGroup;
			children = (
				3489D73A24A3C53E0035E64F /* Tests_macOS.swift */,
				3489D73C24A3C53E0035E64F /* Info.plist */,
			);
			path = "Tests macOS";
			sourceTree = "<group>";
		};
		34A53F9824AA656B008A3377 /* ShareExtension */ = {
			isa = PBXGroup;
			children = (
				34A53FA924AA65E8008A3377 /* ShareExtension.entitlements */,
				34A53FA624AA65CB008A3377 /* MainInterface.storyboard */,
				34A53FA524AA65CA008A3377 /* ShareViewController.swift */,
				34A53F9E24AA656B008A3377 /* Info.plist */,
			);
			path = ShareExtension;
			sourceTree = "<group>";
		};
		34A5CF8024A93A3C002409EF /* Frameworks */ = {
			isa = PBXGroup;
			children = (
				34A5CF8124A93A3C002409EF /* StoreKit.framework */,
			);
			name = Frameworks;
			sourceTree = "<group>";
		};
/* End PBXGroup section */

/* Begin PBXNativeTarget section */
		3489D71A24A3C53E0035E64F /* iOS */ = {
			isa = PBXNativeTarget;
			buildConfigurationList = 3489D74524A3C53E0035E64F /* Build configuration list for PBXNativeTarget "iOS" */;
			buildPhases = (
				34A53F7C24AA6381008A3377 /* SwiftLint */,
				34A53F7E24AA63DC008A3377 /* License Update */,
				34A53F7F24AA6431008A3377 /* SettingsVersion */,
				3489D71724A3C53E0035E64F /* Sources */,
				3489D71824A3C53E0035E64F /* Frameworks */,
				3489D71924A3C53E0035E64F /* Resources */,
				34A53F8E24AA653E008A3377 /* Embed App Extensions */,
			);
			buildRules = (
			);
			dependencies = (
				34A53FA024AA656B008A3377 /* PBXTargetDependency */,
			);
			name = iOS;
			packageProductDependencies = (
				3416B27D24A92CEC00D5F4E0 /* SwiftyStoreKit */,
				3416B28024A92D0500D5F4E0 /* PaperOnboarding */,
				3416B28324A92D1E00D5F4E0 /* SwiftUIX */,
				3416B28624A92D4200D5F4E0 /* Sentry */,
				3416B28924A92D5A00D5F4E0 /* Diagnostics */,
				343A0A5424C2339900824F75 /* ArchiveCore */,
				343DCDCF24C38AC100965627 /* LoggingKit */,
			);
			productName = iOS;
			productReference = 3489D71B24A3C53E0035E64F /* PDFArchiver.app */;
			productType = "com.apple.product-type.application";
		};
		3489D72224A3C53E0035E64F /* macOS */ = {
			isa = PBXNativeTarget;
			buildConfigurationList = 3489D74824A3C53E0035E64F /* Build configuration list for PBXNativeTarget "macOS" */;
			buildPhases = (
				3489D71F24A3C53E0035E64F /* Sources */,
				3489D72024A3C53E0035E64F /* Frameworks */,
				3489D72124A3C53E0035E64F /* Resources */,
			);
			buildRules = (
			);
			dependencies = (
			);
			name = macOS;
			productName = macOS;
			productReference = 3489D72324A3C53E0035E64F /* PDFArchiver.app */;
			productType = "com.apple.product-type.application";
		};
		3489D72A24A3C53E0035E64F /* Tests iOS */ = {
			isa = PBXNativeTarget;
			buildConfigurationList = 3489D74B24A3C53E0035E64F /* Build configuration list for PBXNativeTarget "Tests iOS" */;
			buildPhases = (
				3489D72724A3C53E0035E64F /* Sources */,
				3489D72824A3C53E0035E64F /* Frameworks */,
				3489D72924A3C53E0035E64F /* Resources */,
			);
			buildRules = (
			);
			dependencies = (
				3489D72D24A3C53E0035E64F /* PBXTargetDependency */,
			);
			name = "Tests iOS";
			productName = "Tests iOS";
			productReference = 3489D72B24A3C53E0035E64F /* Tests iOS.xctest */;
			productType = "com.apple.product-type.bundle.ui-testing";
		};
		3489D73524A3C53E0035E64F /* Tests macOS */ = {
			isa = PBXNativeTarget;
			buildConfigurationList = 3489D74E24A3C53E0035E64F /* Build configuration list for PBXNativeTarget "Tests macOS" */;
			buildPhases = (
				3489D73224A3C53E0035E64F /* Sources */,
				3489D73324A3C53E0035E64F /* Frameworks */,
				3489D73424A3C53E0035E64F /* Resources */,
			);
			buildRules = (
			);
			dependencies = (
				3489D73824A3C53E0035E64F /* PBXTargetDependency */,
			);
			name = "Tests macOS";
			productName = "Tests macOS";
			productReference = 3489D73624A3C53E0035E64F /* Tests macOS.xctest */;
			productType = "com.apple.product-type.bundle.ui-testing";
		};
		34A53F9624AA656B008A3377 /* ShareExtension */ = {
			isa = PBXNativeTarget;
			buildConfigurationList = 34A53FA224AA656B008A3377 /* Build configuration list for PBXNativeTarget "ShareExtension" */;
			buildPhases = (
				34A53F9324AA656B008A3377 /* Sources */,
				34A53F9424AA656B008A3377 /* Frameworks */,
				34A53F9524AA656B008A3377 /* Resources */,
			);
			buildRules = (
			);
			dependencies = (
			);
			name = ShareExtension;
			productName = ShareExtension;
			productReference = 34A53F9724AA656B008A3377 /* ShareExtension.appex */;
			productType = "com.apple.product-type.app-extension";
		};
/* End PBXNativeTarget section */

/* Begin PBXProject section */
		3489D70F24A3C53D0035E64F /* Project object */ = {
			isa = PBXProject;
			attributes = {
				LastSwiftUpdateCheck = 1200;
				LastUpgradeCheck = 1200;
				TargetAttributes = {
					3489D71A24A3C53E0035E64F = {
						CreatedOnToolsVersion = 12.0;
					};
					3489D72224A3C53E0035E64F = {
						CreatedOnToolsVersion = 12.0;
					};
					3489D72A24A3C53E0035E64F = {
						CreatedOnToolsVersion = 12.0;
						TestTargetID = 3489D71A24A3C53E0035E64F;
					};
					3489D73524A3C53E0035E64F = {
						CreatedOnToolsVersion = 12.0;
						TestTargetID = 3489D72224A3C53E0035E64F;
					};
					34A53F9624AA656B008A3377 = {
						CreatedOnToolsVersion = 12.0;
						LastSwiftMigration = 1200;
					};
				};
			};
			buildConfigurationList = 3489D71224A3C53D0035E64F /* Build configuration list for PBXProject "PDFArchiver" */;
			compatibilityVersion = "Xcode 9.3";
			developmentRegion = en;
			hasScannedForEncodings = 0;
			knownRegions = (
				en,
				Base,
			);
			mainGroup = 3489D70E24A3C53D0035E64F;
			packageReferences = (
				3416B27C24A92CEC00D5F4E0 /* XCRemoteSwiftPackageReference "SwiftyStoreKit" */,
				3416B27F24A92D0500D5F4E0 /* XCRemoteSwiftPackageReference "paper-onboarding" */,
				3416B28224A92D1E00D5F4E0 /* XCRemoteSwiftPackageReference "SwiftUIX" */,
				3416B28524A92D4200D5F4E0 /* XCRemoteSwiftPackageReference "sentry-cocoa" */,
				3416B28824A92D5A00D5F4E0 /* XCRemoteSwiftPackageReference "Diagnostics" */,
				343DCDCE24C38AC100965627 /* XCRemoteSwiftPackageReference "LoggingKit" */,
			);
			productRefGroup = 3489D71C24A3C53E0035E64F /* Products */;
			projectDirPath = "";
			projectRoot = "";
			targets = (
				3489D71A24A3C53E0035E64F /* iOS */,
				3489D72224A3C53E0035E64F /* macOS */,
				3489D72A24A3C53E0035E64F /* Tests iOS */,
				3489D73524A3C53E0035E64F /* Tests macOS */,
				34A53F9624AA656B008A3377 /* ShareExtension */,
			);
		};
/* End PBXProject section */

/* Begin PBXResourcesBuildPhase section */
		3489D71924A3C53E0035E64F /* Resources */ = {
			isa = PBXResourcesBuildPhase;
			buildActionMask = 2147483647;
			files = (
				3416B23E24A9282800D5F4E0 /* Config.xcconfig in Resources */,
				3416B24024A9282800D5F4E0 /* LaunchScreen.storyboard in Resources */,
				345A497E24AFB0CE00EC4DC2 /* Settings.bundle in Resources */,
				3416B23C24A9282800D5F4E0 /* Assets.xcassets in Resources */,
				3416B21824A9282800D5F4E0 /* Localizable.strings in Resources */,
			);
			runOnlyForDeploymentPostprocessing = 0;
		};
		3489D72124A3C53E0035E64F /* Resources */ = {
			isa = PBXResourcesBuildPhase;
			buildActionMask = 2147483647;
			files = (
				3416B23F24A9282800D5F4E0 /* Config.xcconfig in Resources */,
				3416B23B24A9282800D5F4E0 /* Settings.bundle in Resources */,
				3416B24124A9282800D5F4E0 /* LaunchScreen.storyboard in Resources */,
				3416B23D24A9282800D5F4E0 /* Assets.xcassets in Resources */,
				3416B21924A9282800D5F4E0 /* Localizable.strings in Resources */,
				3416B24324A9282800D5F4E0 /* Info.plist in Resources */,
			);
			runOnlyForDeploymentPostprocessing = 0;
		};
		3489D72924A3C53E0035E64F /* Resources */ = {
			isa = PBXResourcesBuildPhase;
			buildActionMask = 2147483647;
			files = (
			);
			runOnlyForDeploymentPostprocessing = 0;
		};
		3489D73424A3C53E0035E64F /* Resources */ = {
			isa = PBXResourcesBuildPhase;
			buildActionMask = 2147483647;
			files = (
			);
			runOnlyForDeploymentPostprocessing = 0;
		};
		34A53F9524AA656B008A3377 /* Resources */ = {
			isa = PBXResourcesBuildPhase;
			buildActionMask = 2147483647;
			files = (
				34A53FA824AA65CB008A3377 /* MainInterface.storyboard in Resources */,
			);
			runOnlyForDeploymentPostprocessing = 0;
		};
/* End PBXResourcesBuildPhase section */

/* Begin PBXShellScriptBuildPhase section */
		34A53F7C24AA6381008A3377 /* SwiftLint */ = {
			isa = PBXShellScriptBuildPhase;
			buildActionMask = 2147483647;
			files = (
			);
			inputFileListPaths = (
			);
			inputPaths = (
			);
			name = SwiftLint;
			outputFileListPaths = (
			);
			outputPaths = (
			);
			runOnlyForDeploymentPostprocessing = 0;
			shellPath = /bin/sh;
			shellScript = "if which chia >/dev/null; then\n    swiftlint autocorrect\n    #swiftlint\n    #chia --config https://raw.githubusercontent.com/JulianKahnert/chia-config/master/chia.yml --xcode\n    #chia --config ${PROJECT_DIR}/chia.yaml --xcode\nelse\n    echo \"warning: SwiftLint not installed, download from https://github.com/realm/SwiftLint\"\nfi\n";
		};
		34A53F7E24AA63DC008A3377 /* License Update */ = {
			isa = PBXShellScriptBuildPhase;
			buildActionMask = 12;
			files = (
			);
			inputFileListPaths = (
			);
			inputPaths = (
			);
			name = "License Update";
			outputFileListPaths = (
			);
			outputPaths = (
			);
			runOnlyForDeploymentPostprocessing = 0;
			shellPath = /bin/sh;
			shellScript = "# Update settings.bundle with new license plist files\n# https://github.com/mono0926/LicensePlist\nif which license-plist >/dev/null; then\n    license-plist --suppress-opening-directory --add-version-numbers --force --output-path Shared/Resources/Settings.bundle\nelse\n    echo \"warning: license-plist not installed, download from https://github.com/mono0926/LicensePlist\"\nfi\n";
		};
		34A53F7F24AA6431008A3377 /* SettingsVersion */ = {
			isa = PBXShellScriptBuildPhase;
			buildActionMask = 8;
			files = (
			);
			inputFileListPaths = (
			);
			inputPaths = (
			);
			name = SettingsVersion;
			outputFileListPaths = (
			);
			outputPaths = (
			);
			runOnlyForDeploymentPostprocessing = 1;
			shellPath = /bin/sh;
			shellScript = "# Source: https://stackoverflow.com/a/39030153\ncd \"${BUILT_PRODUCTS_DIR}\"\nversion=$(/usr/libexec/PlistBuddy -c \"Print CFBundleShortVersionString\" \"${INFOPLIST_PATH}\")\nbuild=$(/usr/libexec/PlistBuddy -c \"Print CFBundleVersion\" \"${INFOPLIST_PATH}\")\n/usr/libexec/PlistBuddy -c \"Set PreferenceSpecifiers:0:DefaultValue $version ($build)\" \"${WRAPPER_NAME}/Settings.bundle/Root.plist\"\n";
		};
/* End PBXShellScriptBuildPhase section */

/* Begin PBXSourcesBuildPhase section */
		3489D71724A3C53E0035E64F /* Sources */ = {
			isa = PBXSourcesBuildPhase;
			buildActionMask = 2147483647;
			files = (
				3416B1BC24A9282800D5F4E0 /* TagTabView.swift in Sources */,
				3498723A24BE2DE600ADE587 /* AppDelegate.swift in Sources */,
				343A0A3E24C2319D00824F75 /* StorageHelper+Errors.swift in Sources */,
				3416B22A24A9282800D5F4E0 /* ArchiveView.swift in Sources */,
				3416B23624A9282800D5F4E0 /* DocumentDetailView.swift in Sources */,
				347BD2FA24C2275600C38DB9 /* ActivityView.swift in Sources */,
				343A0A2124C228AB00824F75 /* UserDefaults.swift in Sources */,
				34BCB1FF24F9ACDC001F3F17 /* ContentView2.swift in Sources */,
				3416B22624A9282800D5F4E0 /* ArchiveExtension.swift in Sources */,
				347BD2F224C2275600C38DB9 /* TagListView.swift in Sources */,
				343A0A5A24C2383D00824F75 /* FilledButtonStyle.swift in Sources */,
				343A0A5B24C2383D00824F75 /* WidthSyncedRow.swift in Sources */,
				3416B26324A9284E00D5F4E0 /* Tag.swift in Sources */,
				347BD2F624C2275600C38DB9 /* SearchField.swift in Sources */,
				347BD2FC24C2275600C38DB9 /* LoadingView.swift in Sources */,
				3416B22224A9282800D5F4E0 /* DocumentService.swift in Sources */,
				3416B24624A9282800D5F4E0 /* MainNavigationViewModel.swift in Sources */,
				343A0A4324C2319D00824F75 /* ResignKeyboardOnDragGesture.swift in Sources */,
				3416B21024A9282800D5F4E0 /* KeyCommandHostingController.swift in Sources */,
				3416B21C24A9282800D5F4E0 /* IAPView.swift in Sources */,
				347BD2F424C2275600C38DB9 /* SupportMailView.swift in Sources */,
				3416B22E24A9282800D5F4E0 /* DocumentView.swift in Sources */,
				3416B1C224A9282800D5F4E0 /* IAPViewModel.swift in Sources */,
				343A0A5324C2325300824F75 /* ImageConverter.swift in Sources */,
				347BD2F024C2275600C38DB9 /* CustomTextField.swift in Sources */,
				3416B22C24A9282800D5F4E0 /* DocumentDetailViewModel.swift in Sources */,
				347BD2EA24C2275600C38DB9 /* IntroView.swift in Sources */,
				340EA92724B641E20066B4BE /* TagView.swift in Sources */,
				347BD2E224C2275600C38DB9 /* Alert.swift in Sources */,
				343A0A3924C2300F00824F75 /* UIFont.swift in Sources */,
				347BD2EE24C2275600C38DB9 /* DetailRowView.swift in Sources */,
				3416B21E24A9282800D5F4E0 /* IAP.swift in Sources */,
				3416B1BE24A9282800D5F4E0 /* TagTabViewModel.swift in Sources */,
				3416B22424A9282800D5F4E0 /* IAPService.swift in Sources */,
				3416B23224A9282800D5F4E0 /* PDFCustomView.swift in Sources */,
				343A0A5C24C2383D00824F75 /* SubscriptionButtonStyle.swift in Sources */,
				347BD2EC24C2275600C38DB9 /* PlaceholderView.swift in Sources */,
				3489D73D24A3C53E0035E64F /* PDFArchiverApp.swift in Sources */,
				343A0A3F24C2319D00824F75 /* StorageHelper+Paths.swift in Sources */,
				347BD2E424C2275600C38DB9 /* InputAccessoryView.swift in Sources */,
				343A0A4124C2319D00824F75 /* AlertViewModel.swift in Sources */,
				343A0A4224C2319D00824F75 /* AppStoreReviewRequest.swift in Sources */,
				347BD2E824C2275600C38DB9 /* IntroViewController.swift in Sources */,
				3416B21424A9282800D5F4E0 /* ScanTabView.swift in Sources */,
				3416B1B824A9282800D5F4E0 /* AboutMeView.swift in Sources */,
				3416B23424A9282800D5F4E0 /* ArchiveViewModel.swift in Sources */,
				3416B21224A9282800D5F4E0 /* DocumentCameraView.swift in Sources */,
				3416B1B624A9282800D5F4E0 /* MoreTabView.swift in Sources */,
				347BD2F824C2275600C38DB9 /* ClearButton.swift in Sources */,
				340EA92924B641E20066B4BE /* DocumentInformationForm.swift in Sources */,
				343A0A4024C2319D00824F75 /* StorageHelper.swift in Sources */,
				3416B1BA24A9282800D5F4E0 /* MoreTabViewModel.swift in Sources */,
				343A0A4424C2319D00824F75 /* View.swift in Sources */,
				3416B21A24A9282800D5F4E0 /* MainTabView.swift in Sources */,
				343A0A3724C22FAE00824F75 /* UIColor.swift in Sources */,
				3416B21624A9282800D5F4E0 /* ScanTabViewModel.swift in Sources */,
				347BD2E624C2275600C38DB9 /* Stack.swift in Sources */,
			);
			runOnlyForDeploymentPostprocessing = 0;
		};
		3489D71F24A3C53E0035E64F /* Sources */ = {
			isa = PBXSourcesBuildPhase;
			buildActionMask = 2147483647;
			files = (
				34BCB20024F9ACDC001F3F17 /* ContentView2.swift in Sources */,
				3416B1BD24A9282800D5F4E0 /* TagTabView.swift in Sources */,
				343A0A4B24C2319F00824F75 /* StorageHelper+Errors.swift in Sources */,
				3416B22B24A9282800D5F4E0 /* ArchiveView.swift in Sources */,
				3416B23724A9282800D5F4E0 /* DocumentDetailView.swift in Sources */,
				3416B22724A9282800D5F4E0 /* ArchiveExtension.swift in Sources */,
				347BD2FD24C2275600C38DB9 /* LoadingView.swift in Sources */,
				347BD2FB24C2275600C38DB9 /* ActivityView.swift in Sources */,
				3416B26424A9284E00D5F4E0 /* Tag.swift in Sources */,
				3416B22324A9282800D5F4E0 /* DocumentService.swift in Sources */,
				343A0A6124C2384000824F75 /* SubscriptionButtonStyle.swift in Sources */,
				347BD2E724C2275600C38DB9 /* Stack.swift in Sources */,
				3416B24724A9282800D5F4E0 /* MainNavigationViewModel.swift in Sources */,
				343A0A5124C2319F00824F75 /* View.swift in Sources */,
				347BD2F924C2275600C38DB9 /* ClearButton.swift in Sources */,
				3416B21124A9282800D5F4E0 /* KeyCommandHostingController.swift in Sources */,
				3416B21D24A9282800D5F4E0 /* IAPView.swift in Sources */,
				343A0A5024C2319F00824F75 /* ResignKeyboardOnDragGesture.swift in Sources */,
				347BD2F124C2275600C38DB9 /* CustomTextField.swift in Sources */,
				347BD2E324C2275600C38DB9 /* Alert.swift in Sources */,
				3416B22F24A9282800D5F4E0 /* DocumentView.swift in Sources */,
				3416B1C324A9282800D5F4E0 /* IAPViewModel.swift in Sources */,
				347BD2EB24C2275600C38DB9 /* IntroView.swift in Sources */,
				3416B22D24A9282800D5F4E0 /* DocumentDetailViewModel.swift in Sources */,
				340EA92824B641E20066B4BE /* TagView.swift in Sources */,
				3416B21F24A9282800D5F4E0 /* IAP.swift in Sources */,
				343A0A4C24C2319F00824F75 /* StorageHelper+Paths.swift in Sources */,
				347BD2F524C2275600C38DB9 /* SupportMailView.swift in Sources */,
				3416B1BF24A9282800D5F4E0 /* TagTabViewModel.swift in Sources */,
				3416B22524A9282800D5F4E0 /* IAPService.swift in Sources */,
				347BD2E524C2275600C38DB9 /* InputAccessoryView.swift in Sources */,
				3416B23324A9282800D5F4E0 /* PDFCustomView.swift in Sources */,
				3489D73E24A3C53E0035E64F /* PDFArchiverApp.swift in Sources */,
				3416B21524A9282800D5F4E0 /* ScanTabView.swift in Sources */,
				3416B1B924A9282800D5F4E0 /* AboutMeView.swift in Sources */,
				3416B23524A9282800D5F4E0 /* ArchiveViewModel.swift in Sources */,
				3416B21324A9282800D5F4E0 /* DocumentCameraView.swift in Sources */,
				347BD2F324C2275600C38DB9 /* TagListView.swift in Sources */,
				343A0A5F24C2384000824F75 /* FilledButtonStyle.swift in Sources */,
				3416B1B724A9282800D5F4E0 /* MoreTabView.swift in Sources */,
				347BD2F724C2275600C38DB9 /* SearchField.swift in Sources */,
				340EA92A24B641E20066B4BE /* DocumentInformationForm.swift in Sources */,
				3416B1BB24A9282800D5F4E0 /* MoreTabViewModel.swift in Sources */,
				3416B21B24A9282800D5F4E0 /* MainTabView.swift in Sources */,
				347BD2EF24C2275600C38DB9 /* DetailRowView.swift in Sources */,
				343A0A4E24C2319F00824F75 /* AlertViewModel.swift in Sources */,
				3416B21724A9282800D5F4E0 /* ScanTabViewModel.swift in Sources */,
				347BD2ED24C2275600C38DB9 /* PlaceholderView.swift in Sources */,
				347BD2E924C2275600C38DB9 /* IntroViewController.swift in Sources */,
				343A0A6024C2384000824F75 /* WidthSyncedRow.swift in Sources */,
				343A0A4D24C2319F00824F75 /* StorageHelper.swift in Sources */,
				343A0A4F24C2319F00824F75 /* AppStoreReviewRequest.swift in Sources */,
			);
			runOnlyForDeploymentPostprocessing = 0;
		};
		3489D72724A3C53E0035E64F /* Sources */ = {
			isa = PBXSourcesBuildPhase;
			buildActionMask = 2147483647;
			files = (
				3489D73024A3C53E0035E64F /* Tests_iOS.swift in Sources */,
			);
			runOnlyForDeploymentPostprocessing = 0;
		};
		3489D73224A3C53E0035E64F /* Sources */ = {
			isa = PBXSourcesBuildPhase;
			buildActionMask = 2147483647;
			files = (
				3489D73B24A3C53E0035E64F /* Tests_macOS.swift in Sources */,
			);
			runOnlyForDeploymentPostprocessing = 0;
		};
		34A53F9324AA656B008A3377 /* Sources */ = {
			isa = PBXSourcesBuildPhase;
			buildActionMask = 2147483647;
			files = (
				34A53FA724AA65CB008A3377 /* ShareViewController.swift in Sources */,
			);
			runOnlyForDeploymentPostprocessing = 0;
		};
/* End PBXSourcesBuildPhase section */

/* Begin PBXTargetDependency section */
		3489D72D24A3C53E0035E64F /* PBXTargetDependency */ = {
			isa = PBXTargetDependency;
			target = 3489D71A24A3C53E0035E64F /* iOS */;
			targetProxy = 3489D72C24A3C53E0035E64F /* PBXContainerItemProxy */;
		};
		3489D73824A3C53E0035E64F /* PBXTargetDependency */ = {
			isa = PBXTargetDependency;
			target = 3489D72224A3C53E0035E64F /* macOS */;
			targetProxy = 3489D73724A3C53E0035E64F /* PBXContainerItemProxy */;
		};
		34A53FA024AA656B008A3377 /* PBXTargetDependency */ = {
			isa = PBXTargetDependency;
			target = 34A53F9624AA656B008A3377 /* ShareExtension */;
			targetProxy = 34A53F9F24AA656B008A3377 /* PBXContainerItemProxy */;
		};
/* End PBXTargetDependency section */

/* Begin PBXVariantGroup section */
		3416B1B124A9282800D5F4E0 /* LaunchScreen.storyboard */ = {
			isa = PBXVariantGroup;
			children = (
				3416B1B224A9282800D5F4E0 /* Base */,
			);
			name = LaunchScreen.storyboard;
			sourceTree = "<group>";
		};
/* End PBXVariantGroup section */

/* Begin XCBuildConfiguration section */
		3489D74324A3C53E0035E64F /* Debug */ = {
			isa = XCBuildConfiguration;
			buildSettings = {
				ALWAYS_SEARCH_USER_PATHS = NO;
				CLANG_ANALYZER_NONNULL = YES;
				CLANG_ANALYZER_NUMBER_OBJECT_CONVERSION = YES_AGGRESSIVE;
				CLANG_CXX_LANGUAGE_STANDARD = "gnu++14";
				CLANG_CXX_LIBRARY = "libc++";
				CLANG_ENABLE_MODULES = YES;
				CLANG_ENABLE_OBJC_ARC = YES;
				CLANG_ENABLE_OBJC_WEAK = YES;
				CLANG_WARN_BLOCK_CAPTURE_AUTORELEASING = YES;
				CLANG_WARN_BOOL_CONVERSION = YES;
				CLANG_WARN_COMMA = YES;
				CLANG_WARN_CONSTANT_CONVERSION = YES;
				CLANG_WARN_DEPRECATED_OBJC_IMPLEMENTATIONS = YES;
				CLANG_WARN_DIRECT_OBJC_ISA_USAGE = YES_ERROR;
				CLANG_WARN_DOCUMENTATION_COMMENTS = YES;
				CLANG_WARN_EMPTY_BODY = YES;
				CLANG_WARN_ENUM_CONVERSION = YES;
				CLANG_WARN_INFINITE_RECURSION = YES;
				CLANG_WARN_INT_CONVERSION = YES;
				CLANG_WARN_NON_LITERAL_NULL_CONVERSION = YES;
				CLANG_WARN_OBJC_IMPLICIT_RETAIN_SELF = YES;
				CLANG_WARN_OBJC_LITERAL_CONVERSION = YES;
				CLANG_WARN_OBJC_ROOT_CLASS = YES_ERROR;
				CLANG_WARN_QUOTED_INCLUDE_IN_FRAMEWORK_HEADER = YES;
				CLANG_WARN_RANGE_LOOP_ANALYSIS = YES;
				CLANG_WARN_STRICT_PROTOTYPES = YES;
				CLANG_WARN_SUSPICIOUS_MOVE = YES;
				CLANG_WARN_UNGUARDED_AVAILABILITY = YES_AGGRESSIVE;
				CLANG_WARN_UNREACHABLE_CODE = YES;
				CLANG_WARN__DUPLICATE_METHOD_MATCH = YES;
				COPY_PHASE_STRIP = NO;
				DEBUG_INFORMATION_FORMAT = dwarf;
				ENABLE_STRICT_OBJC_MSGSEND = YES;
				ENABLE_TESTABILITY = YES;
				GCC_C_LANGUAGE_STANDARD = gnu11;
				GCC_DYNAMIC_NO_PIC = NO;
				GCC_NO_COMMON_BLOCKS = YES;
				GCC_OPTIMIZATION_LEVEL = 0;
				GCC_PREPROCESSOR_DEFINITIONS = (
					"DEBUG=1",
					"$(inherited)",
				);
				GCC_WARN_64_TO_32_BIT_CONVERSION = YES;
				GCC_WARN_ABOUT_RETURN_TYPE = YES_ERROR;
				GCC_WARN_UNDECLARED_SELECTOR = YES;
				GCC_WARN_UNINITIALIZED_AUTOS = YES_AGGRESSIVE;
				GCC_WARN_UNUSED_FUNCTION = YES;
				GCC_WARN_UNUSED_VARIABLE = YES;
				MTL_ENABLE_DEBUG_INFO = INCLUDE_SOURCE;
				MTL_FAST_MATH = YES;
				ONLY_ACTIVE_ARCH = YES;
				SWIFT_ACTIVE_COMPILATION_CONDITIONS = DEBUG;
				SWIFT_OPTIMIZATION_LEVEL = "-Onone";
			};
			name = Debug;
		};
		3489D74424A3C53E0035E64F /* Release */ = {
			isa = XCBuildConfiguration;
			buildSettings = {
				ALWAYS_SEARCH_USER_PATHS = NO;
				CLANG_ANALYZER_NONNULL = YES;
				CLANG_ANALYZER_NUMBER_OBJECT_CONVERSION = YES_AGGRESSIVE;
				CLANG_CXX_LANGUAGE_STANDARD = "gnu++14";
				CLANG_CXX_LIBRARY = "libc++";
				CLANG_ENABLE_MODULES = YES;
				CLANG_ENABLE_OBJC_ARC = YES;
				CLANG_ENABLE_OBJC_WEAK = YES;
				CLANG_WARN_BLOCK_CAPTURE_AUTORELEASING = YES;
				CLANG_WARN_BOOL_CONVERSION = YES;
				CLANG_WARN_COMMA = YES;
				CLANG_WARN_CONSTANT_CONVERSION = YES;
				CLANG_WARN_DEPRECATED_OBJC_IMPLEMENTATIONS = YES;
				CLANG_WARN_DIRECT_OBJC_ISA_USAGE = YES_ERROR;
				CLANG_WARN_DOCUMENTATION_COMMENTS = YES;
				CLANG_WARN_EMPTY_BODY = YES;
				CLANG_WARN_ENUM_CONVERSION = YES;
				CLANG_WARN_INFINITE_RECURSION = YES;
				CLANG_WARN_INT_CONVERSION = YES;
				CLANG_WARN_NON_LITERAL_NULL_CONVERSION = YES;
				CLANG_WARN_OBJC_IMPLICIT_RETAIN_SELF = YES;
				CLANG_WARN_OBJC_LITERAL_CONVERSION = YES;
				CLANG_WARN_OBJC_ROOT_CLASS = YES_ERROR;
				CLANG_WARN_QUOTED_INCLUDE_IN_FRAMEWORK_HEADER = YES;
				CLANG_WARN_RANGE_LOOP_ANALYSIS = YES;
				CLANG_WARN_STRICT_PROTOTYPES = YES;
				CLANG_WARN_SUSPICIOUS_MOVE = YES;
				CLANG_WARN_UNGUARDED_AVAILABILITY = YES_AGGRESSIVE;
				CLANG_WARN_UNREACHABLE_CODE = YES;
				CLANG_WARN__DUPLICATE_METHOD_MATCH = YES;
				COPY_PHASE_STRIP = NO;
				DEBUG_INFORMATION_FORMAT = "dwarf-with-dsym";
				ENABLE_NS_ASSERTIONS = NO;
				ENABLE_STRICT_OBJC_MSGSEND = YES;
				GCC_C_LANGUAGE_STANDARD = gnu11;
				GCC_NO_COMMON_BLOCKS = YES;
				GCC_WARN_64_TO_32_BIT_CONVERSION = YES;
				GCC_WARN_ABOUT_RETURN_TYPE = YES_ERROR;
				GCC_WARN_UNDECLARED_SELECTOR = YES;
				GCC_WARN_UNINITIALIZED_AUTOS = YES_AGGRESSIVE;
				GCC_WARN_UNUSED_FUNCTION = YES;
				GCC_WARN_UNUSED_VARIABLE = YES;
				MTL_ENABLE_DEBUG_INFO = NO;
				MTL_FAST_MATH = YES;
				SWIFT_COMPILATION_MODE = wholemodule;
				SWIFT_OPTIMIZATION_LEVEL = "-O";
			};
			name = Release;
		};
		3489D74624A3C53E0035E64F /* Debug */ = {
			isa = XCBuildConfiguration;
			buildSettings = {
				ALWAYS_EMBED_SWIFT_STANDARD_LIBRARIES = YES;
				ASSETCATALOG_COMPILER_APPICON_NAME = AppIcon;
				ASSETCATALOG_COMPILER_GLOBAL_ACCENT_COLOR_NAME = AccentColor;
				CODE_SIGN_ENTITLEMENTS = iOS/PDFArchiver.entitlements;
				CODE_SIGN_STYLE = Automatic;
				CURRENT_PROJECT_VERSION = 1;
				DEVELOPMENT_TEAM = 87KNVHZ8C7;
				ENABLE_PREVIEWS = YES;
				INFOPLIST_FILE = iOS/Info.plist;
				IPHONEOS_DEPLOYMENT_TARGET = 14.0;
				LD_RUNPATH_SEARCH_PATHS = (
					"$(inherited)",
					"@executable_path/Frameworks",
				);
				MARKETING_VERSION = 2.3.5;
				PRODUCT_BUNDLE_IDENTIFIER = de.JulianKahnert.PDFArchiveViewer;
				PRODUCT_NAME = PDFArchiver;
				SDKROOT = iphoneos;
				SWIFT_VERSION = 5.0;
				TARGETED_DEVICE_FAMILY = "1,2";
			};
			name = Debug;
		};
		3489D74724A3C53E0035E64F /* Release */ = {
			isa = XCBuildConfiguration;
			buildSettings = {
				ALWAYS_EMBED_SWIFT_STANDARD_LIBRARIES = YES;
				ASSETCATALOG_COMPILER_APPICON_NAME = AppIcon;
				ASSETCATALOG_COMPILER_GLOBAL_ACCENT_COLOR_NAME = AccentColor;
				CODE_SIGN_ENTITLEMENTS = iOS/PDFArchiver.entitlements;
				CODE_SIGN_STYLE = Automatic;
				CURRENT_PROJECT_VERSION = 1;
				DEVELOPMENT_TEAM = 87KNVHZ8C7;
				ENABLE_PREVIEWS = YES;
				INFOPLIST_FILE = iOS/Info.plist;
				IPHONEOS_DEPLOYMENT_TARGET = 14.0;
				LD_RUNPATH_SEARCH_PATHS = (
					"$(inherited)",
					"@executable_path/Frameworks",
				);
				MARKETING_VERSION = 2.3.5;
				PRODUCT_BUNDLE_IDENTIFIER = de.JulianKahnert.PDFArchiveViewer;
				PRODUCT_NAME = PDFArchiver;
				SDKROOT = iphoneos;
				SWIFT_VERSION = 5.0;
				TARGETED_DEVICE_FAMILY = "1,2";
				VALIDATE_PRODUCT = YES;
			};
			name = Release;
		};
		3489D74924A3C53E0035E64F /* Debug */ = {
			isa = XCBuildConfiguration;
			buildSettings = {
				ASSETCATALOG_COMPILER_APPICON_NAME = AppIcon;
				ASSETCATALOG_COMPILER_GLOBAL_ACCENT_COLOR_NAME = AccentColor;
				CODE_SIGN_ENTITLEMENTS = macOS/macOS.entitlements;
				CODE_SIGN_STYLE = Automatic;
				COMBINE_HIDPI_IMAGES = YES;
				DEVELOPMENT_TEAM = 87KNVHZ8C7;
				ENABLE_HARDENED_RUNTIME = YES;
				ENABLE_PREVIEWS = YES;
				INFOPLIST_FILE = macOS/Info.plist;
				LD_RUNPATH_SEARCH_PATHS = (
					"$(inherited)",
					"@executable_path/../Frameworks",
				);
				MACOSX_DEPLOYMENT_TARGET = 10.16;
				MARKETING_VERSION = 2.3.5;
				PRODUCT_BUNDLE_IDENTIFIER = de.juliankahnert.PDFArchiver;
				PRODUCT_NAME = PDFArchiver;
				SDKROOT = macosx;
				SWIFT_VERSION = 5.0;
			};
			name = Debug;
		};
		3489D74A24A3C53E0035E64F /* Release */ = {
			isa = XCBuildConfiguration;
			buildSettings = {
				ASSETCATALOG_COMPILER_APPICON_NAME = AppIcon;
				ASSETCATALOG_COMPILER_GLOBAL_ACCENT_COLOR_NAME = AccentColor;
				CODE_SIGN_ENTITLEMENTS = macOS/macOS.entitlements;
				CODE_SIGN_STYLE = Automatic;
				COMBINE_HIDPI_IMAGES = YES;
				DEVELOPMENT_TEAM = 87KNVHZ8C7;
				ENABLE_HARDENED_RUNTIME = YES;
				ENABLE_PREVIEWS = YES;
				INFOPLIST_FILE = macOS/Info.plist;
				LD_RUNPATH_SEARCH_PATHS = (
					"$(inherited)",
					"@executable_path/../Frameworks",
				);
				MACOSX_DEPLOYMENT_TARGET = 10.16;
				MARKETING_VERSION = 2.3.5;
				PRODUCT_BUNDLE_IDENTIFIER = de.juliankahnert.PDFArchiver;
				PRODUCT_NAME = PDFArchiver;
				SDKROOT = macosx;
				SWIFT_VERSION = 5.0;
			};
			name = Release;
		};
		3489D74C24A3C53E0035E64F /* Debug */ = {
			isa = XCBuildConfiguration;
			buildSettings = {
				ALWAYS_EMBED_SWIFT_STANDARD_LIBRARIES = YES;
				CODE_SIGN_STYLE = Automatic;
				DEVELOPMENT_TEAM = 87KNVHZ8C7;
				INFOPLIST_FILE = "Tests iOS/Info.plist";
				IPHONEOS_DEPLOYMENT_TARGET = 14.0;
				LD_RUNPATH_SEARCH_PATHS = (
					"$(inherited)",
					"@executable_path/Frameworks",
					"@loader_path/Frameworks",
				);
				PRODUCT_BUNDLE_IDENTIFIER = "de.juliankahnert.Tests-iOS";
				PRODUCT_NAME = "$(TARGET_NAME)";
				SDKROOT = iphoneos;
				SWIFT_VERSION = 5.0;
				TARGETED_DEVICE_FAMILY = "1,2";
				TEST_TARGET_NAME = iOS;
			};
			name = Debug;
		};
		3489D74D24A3C53E0035E64F /* Release */ = {
			isa = XCBuildConfiguration;
			buildSettings = {
				ALWAYS_EMBED_SWIFT_STANDARD_LIBRARIES = YES;
				CODE_SIGN_STYLE = Automatic;
				DEVELOPMENT_TEAM = 87KNVHZ8C7;
				INFOPLIST_FILE = "Tests iOS/Info.plist";
				IPHONEOS_DEPLOYMENT_TARGET = 14.0;
				LD_RUNPATH_SEARCH_PATHS = (
					"$(inherited)",
					"@executable_path/Frameworks",
					"@loader_path/Frameworks",
				);
				PRODUCT_BUNDLE_IDENTIFIER = "de.juliankahnert.Tests-iOS";
				PRODUCT_NAME = "$(TARGET_NAME)";
				SDKROOT = iphoneos;
				SWIFT_VERSION = 5.0;
				TARGETED_DEVICE_FAMILY = "1,2";
				TEST_TARGET_NAME = iOS;
				VALIDATE_PRODUCT = YES;
			};
			name = Release;
		};
		3489D74F24A3C53E0035E64F /* Debug */ = {
			isa = XCBuildConfiguration;
			buildSettings = {
				ALWAYS_EMBED_SWIFT_STANDARD_LIBRARIES = YES;
				CODE_SIGN_STYLE = Automatic;
				COMBINE_HIDPI_IMAGES = YES;
				DEVELOPMENT_TEAM = 87KNVHZ8C7;
				INFOPLIST_FILE = "Tests macOS/Info.plist";
				LD_RUNPATH_SEARCH_PATHS = (
					"$(inherited)",
					"@executable_path/../Frameworks",
					"@loader_path/../Frameworks",
				);
				MACOSX_DEPLOYMENT_TARGET = 10.15;
				PRODUCT_BUNDLE_IDENTIFIER = "de.juliankahnert.Tests-macOS";
				PRODUCT_NAME = "$(TARGET_NAME)";
				SDKROOT = macosx;
				SWIFT_VERSION = 5.0;
				TEST_TARGET_NAME = macOS;
			};
			name = Debug;
		};
		3489D75024A3C53E0035E64F /* Release */ = {
			isa = XCBuildConfiguration;
			buildSettings = {
				ALWAYS_EMBED_SWIFT_STANDARD_LIBRARIES = YES;
				CODE_SIGN_STYLE = Automatic;
				COMBINE_HIDPI_IMAGES = YES;
				DEVELOPMENT_TEAM = 87KNVHZ8C7;
				INFOPLIST_FILE = "Tests macOS/Info.plist";
				LD_RUNPATH_SEARCH_PATHS = (
					"$(inherited)",
					"@executable_path/../Frameworks",
					"@loader_path/../Frameworks",
				);
				MACOSX_DEPLOYMENT_TARGET = 10.15;
				PRODUCT_BUNDLE_IDENTIFIER = "de.juliankahnert.Tests-macOS";
				PRODUCT_NAME = "$(TARGET_NAME)";
				SDKROOT = macosx;
				SWIFT_VERSION = 5.0;
				TEST_TARGET_NAME = macOS;
			};
			name = Release;
		};
		34A53FA324AA656B008A3377 /* Debug */ = {
			isa = XCBuildConfiguration;
			buildSettings = {
				CLANG_ENABLE_MODULES = YES;
				CODE_SIGN_ENTITLEMENTS = ShareExtension/ShareExtension.entitlements;
				CODE_SIGN_STYLE = Automatic;
				CURRENT_PROJECT_VERSION = 1;
				DEVELOPMENT_TEAM = 87KNVHZ8C7;
				INFOPLIST_FILE = ShareExtension/Info.plist;
				IPHONEOS_DEPLOYMENT_TARGET = 14.0;
				LD_RUNPATH_SEARCH_PATHS = (
					"$(inherited)",
					"@executable_path/Frameworks",
					"@executable_path/../../Frameworks",
				);
				MARKETING_VERSION = 2.3.5;
				PRODUCT_BUNDLE_IDENTIFIER = de.JulianKahnert.PDFArchiveViewer.ShareExtension;
				PRODUCT_NAME = "$(TARGET_NAME)";
				SDKROOT = iphoneos;
				SKIP_INSTALL = YES;
				SWIFT_OPTIMIZATION_LEVEL = "-Onone";
				SWIFT_VERSION = 5.0;
				TARGETED_DEVICE_FAMILY = "1,2";
			};
			name = Debug;
		};
		34A53FA424AA656B008A3377 /* Release */ = {
			isa = XCBuildConfiguration;
			buildSettings = {
				CLANG_ENABLE_MODULES = YES;
				CODE_SIGN_ENTITLEMENTS = ShareExtension/ShareExtension.entitlements;
				CODE_SIGN_STYLE = Automatic;
				CURRENT_PROJECT_VERSION = 1;
				DEVELOPMENT_TEAM = 87KNVHZ8C7;
				INFOPLIST_FILE = ShareExtension/Info.plist;
				IPHONEOS_DEPLOYMENT_TARGET = 14.0;
				LD_RUNPATH_SEARCH_PATHS = (
					"$(inherited)",
					"@executable_path/Frameworks",
					"@executable_path/../../Frameworks",
				);
				MARKETING_VERSION = 2.3.5;
				PRODUCT_BUNDLE_IDENTIFIER = de.JulianKahnert.PDFArchiveViewer.ShareExtension;
				PRODUCT_NAME = "$(TARGET_NAME)";
				SDKROOT = iphoneos;
				SKIP_INSTALL = YES;
				SWIFT_VERSION = 5.0;
				TARGETED_DEVICE_FAMILY = "1,2";
				VALIDATE_PRODUCT = YES;
			};
			name = Release;
		};
/* End XCBuildConfiguration section */

/* Begin XCConfigurationList section */
		3489D71224A3C53D0035E64F /* Build configuration list for PBXProject "PDFArchiver" */ = {
			isa = XCConfigurationList;
			buildConfigurations = (
				3489D74324A3C53E0035E64F /* Debug */,
				3489D74424A3C53E0035E64F /* Release */,
			);
			defaultConfigurationIsVisible = 0;
			defaultConfigurationName = Release;
		};
		3489D74524A3C53E0035E64F /* Build configuration list for PBXNativeTarget "iOS" */ = {
			isa = XCConfigurationList;
			buildConfigurations = (
				3489D74624A3C53E0035E64F /* Debug */,
				3489D74724A3C53E0035E64F /* Release */,
			);
			defaultConfigurationIsVisible = 0;
			defaultConfigurationName = Release;
		};
		3489D74824A3C53E0035E64F /* Build configuration list for PBXNativeTarget "macOS" */ = {
			isa = XCConfigurationList;
			buildConfigurations = (
				3489D74924A3C53E0035E64F /* Debug */,
				3489D74A24A3C53E0035E64F /* Release */,
			);
			defaultConfigurationIsVisible = 0;
			defaultConfigurationName = Release;
		};
		3489D74B24A3C53E0035E64F /* Build configuration list for PBXNativeTarget "Tests iOS" */ = {
			isa = XCConfigurationList;
			buildConfigurations = (
				3489D74C24A3C53E0035E64F /* Debug */,
				3489D74D24A3C53E0035E64F /* Release */,
			);
			defaultConfigurationIsVisible = 0;
			defaultConfigurationName = Release;
		};
		3489D74E24A3C53E0035E64F /* Build configuration list for PBXNativeTarget "Tests macOS" */ = {
			isa = XCConfigurationList;
			buildConfigurations = (
				3489D74F24A3C53E0035E64F /* Debug */,
				3489D75024A3C53E0035E64F /* Release */,
			);
			defaultConfigurationIsVisible = 0;
			defaultConfigurationName = Release;
		};
		34A53FA224AA656B008A3377 /* Build configuration list for PBXNativeTarget "ShareExtension" */ = {
			isa = XCConfigurationList;
			buildConfigurations = (
				34A53FA324AA656B008A3377 /* Debug */,
				34A53FA424AA656B008A3377 /* Release */,
			);
			defaultConfigurationIsVisible = 0;
			defaultConfigurationName = Release;
		};
/* End XCConfigurationList section */

/* Begin XCRemoteSwiftPackageReference section */
		3416B27C24A92CEC00D5F4E0 /* XCRemoteSwiftPackageReference "SwiftyStoreKit" */ = {
			isa = XCRemoteSwiftPackageReference;
			repositoryURL = "https://github.com/bizz84/SwiftyStoreKit";
			requirement = {
				kind = upToNextMajorVersion;
				minimumVersion = 0.16.0;
			};
		};
		3416B27F24A92D0500D5F4E0 /* XCRemoteSwiftPackageReference "paper-onboarding" */ = {
			isa = XCRemoteSwiftPackageReference;
			repositoryURL = "https://github.com/Ramotion/paper-onboarding";
			requirement = {
				kind = upToNextMajorVersion;
				minimumVersion = 6.1.5;
			};
		};
		3416B28224A92D1E00D5F4E0 /* XCRemoteSwiftPackageReference "SwiftUIX" */ = {
			isa = XCRemoteSwiftPackageReference;
			repositoryURL = "https://github.com/SwiftUIX/SwiftUIX";
			requirement = {
				branch = "asauthorization-xcode12b6-patch";
				kind = branch;
			};
		};
		3416B28524A92D4200D5F4E0 /* XCRemoteSwiftPackageReference "sentry-cocoa" */ = {
			isa = XCRemoteSwiftPackageReference;
			repositoryURL = "https://github.com/getsentry/sentry-cocoa";
			requirement = {
				kind = upToNextMajorVersion;
				minimumVersion = 5.1.6;
			};
		};
		3416B28824A92D5A00D5F4E0 /* XCRemoteSwiftPackageReference "Diagnostics" */ = {
			isa = XCRemoteSwiftPackageReference;
			repositoryURL = "https://github.com/WeTransfer/Diagnostics";
			requirement = {
				kind = upToNextMajorVersion;
				minimumVersion = 1.7.0;
			};
		};
		343DCDCE24C38AC100965627 /* XCRemoteSwiftPackageReference "LoggingKit" */ = {
			isa = XCRemoteSwiftPackageReference;
			repositoryURL = "https://github.com/PDF-Archiver/LoggingKit";
			requirement = {
				kind = upToNextMajorVersion;
				minimumVersion = 1.1.7;
			};
		};
/* End XCRemoteSwiftPackageReference section */

/* Begin XCSwiftPackageProductDependency section */
		3416B27D24A92CEC00D5F4E0 /* SwiftyStoreKit */ = {
			isa = XCSwiftPackageProductDependency;
			package = 3416B27C24A92CEC00D5F4E0 /* XCRemoteSwiftPackageReference "SwiftyStoreKit" */;
			productName = SwiftyStoreKit;
		};
		3416B28024A92D0500D5F4E0 /* PaperOnboarding */ = {
			isa = XCSwiftPackageProductDependency;
			package = 3416B27F24A92D0500D5F4E0 /* XCRemoteSwiftPackageReference "paper-onboarding" */;
			productName = PaperOnboarding;
		};
		3416B28324A92D1E00D5F4E0 /* SwiftUIX */ = {
			isa = XCSwiftPackageProductDependency;
			package = 3416B28224A92D1E00D5F4E0 /* XCRemoteSwiftPackageReference "SwiftUIX" */;
			productName = SwiftUIX;
		};
		3416B28624A92D4200D5F4E0 /* Sentry */ = {
			isa = XCSwiftPackageProductDependency;
			package = 3416B28524A92D4200D5F4E0 /* XCRemoteSwiftPackageReference "sentry-cocoa" */;
			productName = Sentry;
		};
		3416B28924A92D5A00D5F4E0 /* Diagnostics */ = {
			isa = XCSwiftPackageProductDependency;
			package = 3416B28824A92D5A00D5F4E0 /* XCRemoteSwiftPackageReference "Diagnostics" */;
			productName = Diagnostics;
		};
		343A0A5424C2339900824F75 /* ArchiveCore */ = {
			isa = XCSwiftPackageProductDependency;
			productName = ArchiveCore;
		};
		343DCDCF24C38AC100965627 /* LoggingKit */ = {
			isa = XCSwiftPackageProductDependency;
			package = 343DCDCE24C38AC100965627 /* XCRemoteSwiftPackageReference "LoggingKit" */;
			productName = LoggingKit;
		};
/* End XCSwiftPackageProductDependency section */
	};
	rootObject = 3489D70F24A3C53D0035E64F /* Project object */;
}
