{
  "object": {
    "pins": [
      {
        "package": "DeepDiff",
        "repositoryURL": "https://github.com/onmyway133/DeepDiff.git",
        "state": {
          "branch": null,
          "revision": "010ebbe1ce5ebeaee37a3d2f4a8c03f0e75b8045",
          "version": "2.3.1"
        }
      },
      {
        "package": "Diagnostics",
        "repositoryURL": "https://github.com/WeTransfer/Diagnostics",
        "state": {
          "branch": null,
          "revision": "0e7e1b79643404a826784e2f4b21a0a6376013fd",
          "version": "1.7.0"
        }
      },
      {
        "package": "Down",
        "repositoryURL": "https://github.com/iwasrobbed/Down",
        "state": {
          "branch": null,
          "revision": "427aec0a0ab342246ec02369dea398597b61174a",
          "version": "0.9.3"
        }
      },
      {
        "package": "LoggingKit",
        "repositoryURL": "https://github.com/PDF-Archiver/LoggingKit",
        "state": {
          "branch": null,
          "revision": "1ad81013e4a24cfe1c7541adef09c581aa61c763",
          "version": "1.1.7"
        }
      },
      {
        "package": "LogModel",
        "repositoryURL": "https://github.com/PDF-Archiver/LogModel.git",
        "state": {
          "branch": null,
          "revision": "fee27fed62db42033f9deb9a478bcd4c05949a7e",
          "version": "0.0.4"
        }
      },
      {
        "package": "Parma",
        "repositoryURL": "https://github.com/dasautoooo/Parma",
        "state": {
          "branch": null,
          "revision": "82f825cead4b408fa3e0059affa3e5d296d3b745",
          "version": "0.1.1"
        }
      },
      {
        "package": "Sentry",
        "repositoryURL": "https://github.com/getsentry/sentry-cocoa",
        "state": {
          "branch": null,
          "revision": "dfc8ec3e751cbde47128f05b63b39da6a57e4298",
          "version": "5.1.6"
        }
      },
      {
        "package": "swift-log",
        "repositoryURL": "https://github.com/apple/swift-log.git",
        "state": {
          "branch": null,
          "revision": "74d7b91ceebc85daf387ebb206003f78813f71aa",
          "version": "1.2.0"
        }
      },
      {
        "package": "SwiftUIX",
        "repositoryURL": "https://github.com/SwiftUIX/SwiftUIX",
        "state": {
          "branch": null,
          "revision": "7f6484328875a56187b1737e2f8fa3ce7c3c9030",
          "version": "0.0.3"
        }
      },
      {
        "package": "SwiftyStoreKit",
        "repositoryURL": "https://github.com/bizz84/SwiftyStoreKit",
        "state": {
          "branch": null,
          "revision": "9974acf07b31b6f5bf363d5118dc1bd4fcac6122",
          "version": "0.16.1"
        }
      }
    ]
  },
  "version": 1
}
